// !$*UTF8*$!
{
	archiveVersion = 1;
	classes = {
	};
	objectVersion = 56;
	objects = {

/* Begin PBXBuildFile section */
		300D41A42947475500344CB2 /* FeedItemsMapper.swift in Sources */ = {isa = PBXBuildFile; fileRef = 300D41A32947475500344CB2 /* FeedItemsMapper.swift */; };
		30141B07294CC3F900F54109 /* URLSessionHTTPClientTests.swift in Sources */ = {isa = PBXBuildFile; fileRef = 30141B06294CC3F900F54109 /* URLSessionHTTPClientTests.swift */; };
		3022D40729B69AF8004F2B37 /* FeedViewController.swift in Sources */ = {isa = PBXBuildFile; fileRef = 3022D40629B69AF8004F2B37 /* FeedViewController.swift */; };
		3022D40829B6A4A7004F2B37 /* EssentialFeed.framework in Frameworks */ = {isa = PBXBuildFile; fileRef = 303183E3293EFBC00077F0F4 /* EssentialFeed.framework */; platformFilter = ios; };
		3022D40929B6A4A7004F2B37 /* EssentialFeed.framework in Embed Frameworks */ = {isa = PBXBuildFile; fileRef = 303183E3293EFBC00077F0F4 /* EssentialFeed.framework */; platformFilter = ios; settings = {ATTRIBUTES = (CodeSignOnCopy, RemoveHeadersOnCopy, ); }; };
		302A24FA29A3D886008CBEFC /* EssentialFeediOS.framework in Frameworks */ = {isa = PBXBuildFile; fileRef = 302A24F229A3D886008CBEFC /* EssentialFeediOS.framework */; };
		302BFB7E298490170086E153 /* XCTestCase+FailableRetrieveFeedStoreSpecs.swift in Sources */ = {isa = PBXBuildFile; fileRef = 302BFB7D298490170086E153 /* XCTestCase+FailableRetrieveFeedStoreSpecs.swift */; };
		302BFB80298491030086E153 /* XCTestCase+FailableInsertFeedStoreSpecs.swift in Sources */ = {isa = PBXBuildFile; fileRef = 302BFB7F298491030086E153 /* XCTestCase+FailableInsertFeedStoreSpecs.swift */; };
		302BFB82298491780086E153 /* XCTestCase+FailableDeleteFeedStoreSpecs.swift in Sources */ = {isa = PBXBuildFile; fileRef = 302BFB81298491780086E153 /* XCTestCase+FailableDeleteFeedStoreSpecs.swift */; };
		302BFB852985C7950086E153 /* CoreDataFeedStoreTests.swift in Sources */ = {isa = PBXBuildFile; fileRef = 302BFB842985C7950086E153 /* CoreDataFeedStoreTests.swift */; };
		303183EE293EFBC00077F0F4 /* EssentialFeed.framework in Frameworks */ = {isa = PBXBuildFile; fileRef = 303183E3293EFBC00077F0F4 /* EssentialFeed.framework */; };
		303183F3293EFBC00077F0F4 /* LoadFeedFromRemoteUseCaseTests.swift in Sources */ = {isa = PBXBuildFile; fileRef = 303183F2293EFBC00077F0F4 /* LoadFeedFromRemoteUseCaseTests.swift */; };
		303183F4293EFBC00077F0F4 /* EssentialFeed.h in Headers */ = {isa = PBXBuildFile; fileRef = 303183E6293EFBC00077F0F4 /* EssentialFeed.h */; settings = {ATTRIBUTES = (Public, ); }; };
		303183FE293EFBEE0077F0F4 /* FeedImage.swift in Sources */ = {isa = PBXBuildFile; fileRef = 303183FD293EFBEE0077F0F4 /* FeedImage.swift */; };
		30318400293EFD0B0077F0F4 /* FeedLoader.swift in Sources */ = {isa = PBXBuildFile; fileRef = 303183FF293EFD0B0077F0F4 /* FeedLoader.swift */; };
		3034853829533AD300D308AC /* URLSessionHTTPClient.swift in Sources */ = {isa = PBXBuildFile; fileRef = 3034853729533AD300D308AC /* URLSessionHTTPClient.swift */; };
		3040BEAA2968CBEC00DB29D4 /* LoadFeedFromCacheUseCaseTests.swift in Sources */ = {isa = PBXBuildFile; fileRef = 3040BEA92968CBEC00DB29D4 /* LoadFeedFromCacheUseCaseTests.swift */; };
		3040BEAD2968CE0B00DB29D4 /* FeedStoreSpy.swift in Sources */ = {isa = PBXBuildFile; fileRef = 3040BEAC2968CE0B00DB29D4 /* FeedStoreSpy.swift */; };
		304168E12978961800040552 /* FeedCachePolicy.swift in Sources */ = {isa = PBXBuildFile; fileRef = 304168E02978961800040552 /* FeedCachePolicy.swift */; };
		304A41822952FB9700497C4F /* XCTestCase+MemoryLeakTracking.swift in Sources */ = {isa = PBXBuildFile; fileRef = 304A41812952FB9700497C4F /* XCTestCase+MemoryLeakTracking.swift */; };
		30563FF1299246D400C2EBD3 /* CoreDataHelpers.swift in Sources */ = {isa = PBXBuildFile; fileRef = 30563FF0299246D400C2EBD3 /* CoreDataHelpers.swift */; };
		30563FF32992477600C2EBD3 /* ManagedCache.swift in Sources */ = {isa = PBXBuildFile; fileRef = 30563FF22992477600C2EBD3 /* ManagedCache.swift */; };
		30563FF52992477F00C2EBD3 /* ManagedFeedImage.swift in Sources */ = {isa = PBXBuildFile; fileRef = 30563FF42992477F00C2EBD3 /* ManagedFeedImage.swift */; };
		3060BC9D2954BA90005EC09F /* EssentialFeedAPIEndToEndTests.swift in Sources */ = {isa = PBXBuildFile; fileRef = 3060BC9C2954BA90005EC09F /* EssentialFeedAPIEndToEndTests.swift */; };
		3060BC9E2954BA90005EC09F /* EssentialFeed.framework in Frameworks */ = {isa = PBXBuildFile; fileRef = 303183E3293EFBC00077F0F4 /* EssentialFeed.framework */; };
		3063457C296230A800A3BE26 /* CacheFeedUseCaseTests.swift in Sources */ = {isa = PBXBuildFile; fileRef = 3063457B296230A800A3BE26 /* CacheFeedUseCaseTests.swift */; };
		3063457F2964E07E00A3BE26 /* LocalFeedLoader.swift in Sources */ = {isa = PBXBuildFile; fileRef = 3063457E2964E07E00A3BE26 /* LocalFeedLoader.swift */; };
		306345812964E12900A3BE26 /* FeedStore.swift in Sources */ = {isa = PBXBuildFile; fileRef = 306345802964E12900A3BE26 /* FeedStore.swift */; };
		306FA6F8298BAE44007B220D /* FeedStore.xcdatamodeld in Sources */ = {isa = PBXBuildFile; fileRef = 306FA6F6298BAE44007B220D /* FeedStore.xcdatamodeld */; };
		306FA6FA298BB8AC007B220D /* CoreDataFeedStore.swift in Sources */ = {isa = PBXBuildFile; fileRef = 306FA6F9298BB8AC007B220D /* CoreDataFeedStore.swift */; };
		30783275297535920066792D /* ValidateFeedCacheUseCaseTests.swift in Sources */ = {isa = PBXBuildFile; fileRef = 30783274297535920066792D /* ValidateFeedCacheUseCaseTests.swift */; };
		3078327729753E190066792D /* FeedCacheTestHelpers.swift in Sources */ = {isa = PBXBuildFile; fileRef = 3078327629753E190066792D /* FeedCacheTestHelpers.swift */; };
		3078327929753F4C0066792D /* SharedTestHelpers.swift in Sources */ = {isa = PBXBuildFile; fileRef = 3078327829753F4C0066792D /* SharedTestHelpers.swift */; };
		307FB5E02954C04A0060C41A /* XCTestCase+MemoryLeakTracking.swift in Sources */ = {isa = PBXBuildFile; fileRef = 304A41812952FB9700497C4F /* XCTestCase+MemoryLeakTracking.swift */; };
		309DE89F29951C2C008055A2 /* EssentialFeedCacheIntegrationTests.swift in Sources */ = {isa = PBXBuildFile; fileRef = 309DE89E29951C2C008055A2 /* EssentialFeedCacheIntegrationTests.swift */; };
		309DE8A029951C2C008055A2 /* EssentialFeed.framework in Frameworks */ = {isa = PBXBuildFile; fileRef = 303183E3293EFBC00077F0F4 /* EssentialFeed.framework */; };
		309DE8A6299520A9008055A2 /* XCTestCase+MemoryLeakTracking.swift in Sources */ = {isa = PBXBuildFile; fileRef = 304A41812952FB9700497C4F /* XCTestCase+MemoryLeakTracking.swift */; };
		309DE8A72995234B008055A2 /* FeedCacheTestHelpers.swift in Sources */ = {isa = PBXBuildFile; fileRef = 3078327629753E190066792D /* FeedCacheTestHelpers.swift */; };
		309DE8A829952367008055A2 /* SharedTestHelpers.swift in Sources */ = {isa = PBXBuildFile; fileRef = 3078327829753F4C0066792D /* SharedTestHelpers.swift */; };
		30A411EB29D5A2320030595A /* UIView+Shimmering.swift in Sources */ = {isa = PBXBuildFile; fileRef = 30A411EA29D5A2320030595A /* UIView+Shimmering.swift */; };
		30A7B10D2984495F00C02998 /* FeedStoreSpecs.swift in Sources */ = {isa = PBXBuildFile; fileRef = 30A7B10C2984495F00C02998 /* FeedStoreSpecs.swift */; };
		30A7B10F29844A6C00C02998 /* XCTestCase+FeedStoreSpecs.swift in Sources */ = {isa = PBXBuildFile; fileRef = 30A7B10E29844A6C00C02998 /* XCTestCase+FeedStoreSpecs.swift */; };
		30AE47D829B5DDA800F334FB /* FeedViewControllerTests.swift in Sources */ = {isa = PBXBuildFile; fileRef = 30AE47D729B5DDA800F334FB /* FeedViewControllerTests.swift */; };
		30AF7AEB2947469800AB3C55 /* HTTPClient.swift in Sources */ = {isa = PBXBuildFile; fileRef = 30AF7AEA2947469800AB3C55 /* HTTPClient.swift */; };
		30B6BA2829B684A2005E0C9E /* XCTestCase+MemoryLeakTracking.swift in Sources */ = {isa = PBXBuildFile; fileRef = 304A41812952FB9700497C4F /* XCTestCase+MemoryLeakTracking.swift */; };
		30D2548D29CC4FC80013E1E9 /* FeedImageCell.swift in Sources */ = {isa = PBXBuildFile; fileRef = 30D2548C29CC4FC80013E1E9 /* FeedImageCell.swift */; };
		30D418FF296736A000883379 /* RemoteFeedItem.swift in Sources */ = {isa = PBXBuildFile; fileRef = 30D418FE296736A000883379 /* RemoteFeedItem.swift */; };
		30D41901296736ED00883379 /* LocalFeedImage.swift in Sources */ = {isa = PBXBuildFile; fileRef = 30D41900296736ED00883379 /* LocalFeedImage.swift */; };
		30EEA7FE293FE58F00AD5A97 /* RemoteFeedLoader.swift in Sources */ = {isa = PBXBuildFile; fileRef = 30EEA7FD293FE58F00AD5A97 /* RemoteFeedLoader.swift */; };
/* End PBXBuildFile section */

/* Begin PBXContainerItemProxy section */
		302A24FB29A3D886008CBEFC /* PBXContainerItemProxy */ = {
			isa = PBXContainerItemProxy;
			containerPortal = 303183DA293EFBC00077F0F4 /* Project object */;
			proxyType = 1;
			remoteGlobalIDString = 302A24F129A3D886008CBEFC;
			remoteInfo = EssentialFeediOS;
		};
		303183EF293EFBC00077F0F4 /* PBXContainerItemProxy */ = {
			isa = PBXContainerItemProxy;
			containerPortal = 303183DA293EFBC00077F0F4 /* Project object */;
			proxyType = 1;
			remoteGlobalIDString = 303183E2293EFBC00077F0F4;
			remoteInfo = EssentialFeed;
		};
		3060BC9F2954BA90005EC09F /* PBXContainerItemProxy */ = {
			isa = PBXContainerItemProxy;
			containerPortal = 303183DA293EFBC00077F0F4 /* Project object */;
			proxyType = 1;
			remoteGlobalIDString = 303183E2293EFBC00077F0F4;
			remoteInfo = EssentialFeed;
		};
		309DE8A129951C2C008055A2 /* PBXContainerItemProxy */ = {
			isa = PBXContainerItemProxy;
			containerPortal = 303183DA293EFBC00077F0F4 /* Project object */;
			proxyType = 1;
			remoteGlobalIDString = 303183E2293EFBC00077F0F4;
			remoteInfo = EssentialFeed;
		};
		30AE47E129B5E46600F334FB /* PBXContainerItemProxy */ = {
			isa = PBXContainerItemProxy;
			containerPortal = 303183DA293EFBC00077F0F4 /* Project object */;
			proxyType = 1;
			remoteGlobalIDString = 303183E2293EFBC00077F0F4;
			remoteInfo = EssentialFeed;
		};
/* End PBXContainerItemProxy section */

/* Begin PBXCopyFilesBuildPhase section */
		3022D40A29B6A4A7004F2B37 /* Embed Frameworks */ = {
			isa = PBXCopyFilesBuildPhase;
			buildActionMask = 2147483647;
			dstPath = "";
			dstSubfolderSpec = 10;
			files = (
				3022D40929B6A4A7004F2B37 /* EssentialFeed.framework in Embed Frameworks */,
			);
			name = "Embed Frameworks";
			runOnlyForDeploymentPostprocessing = 0;
		};
/* End PBXCopyFilesBuildPhase section */

/* Begin PBXFileReference section */
		300D41A32947475500344CB2 /* FeedItemsMapper.swift */ = {isa = PBXFileReference; lastKnownFileType = sourcecode.swift; path = FeedItemsMapper.swift; sourceTree = "<group>"; };
		30141B06294CC3F900F54109 /* URLSessionHTTPClientTests.swift */ = {isa = PBXFileReference; lastKnownFileType = sourcecode.swift; path = URLSessionHTTPClientTests.swift; sourceTree = "<group>"; };
		3022D40629B69AF8004F2B37 /* FeedViewController.swift */ = {isa = PBXFileReference; lastKnownFileType = sourcecode.swift; path = FeedViewController.swift; sourceTree = "<group>"; };
		302A24F229A3D886008CBEFC /* EssentialFeediOS.framework */ = {isa = PBXFileReference; explicitFileType = wrapper.framework; includeInIndex = 0; path = EssentialFeediOS.framework; sourceTree = BUILT_PRODUCTS_DIR; };
		302A24F929A3D886008CBEFC /* EssentialFeediOSTests.xctest */ = {isa = PBXFileReference; explicitFileType = wrapper.cfbundle; includeInIndex = 0; path = EssentialFeediOSTests.xctest; sourceTree = BUILT_PRODUCTS_DIR; };
		302BFB7D298490170086E153 /* XCTestCase+FailableRetrieveFeedStoreSpecs.swift */ = {isa = PBXFileReference; lastKnownFileType = sourcecode.swift; path = "XCTestCase+FailableRetrieveFeedStoreSpecs.swift"; sourceTree = "<group>"; };
		302BFB7F298491030086E153 /* XCTestCase+FailableInsertFeedStoreSpecs.swift */ = {isa = PBXFileReference; lastKnownFileType = sourcecode.swift; path = "XCTestCase+FailableInsertFeedStoreSpecs.swift"; sourceTree = "<group>"; };
		302BFB81298491780086E153 /* XCTestCase+FailableDeleteFeedStoreSpecs.swift */ = {isa = PBXFileReference; lastKnownFileType = sourcecode.swift; path = "XCTestCase+FailableDeleteFeedStoreSpecs.swift"; sourceTree = "<group>"; };
		302BFB842985C7950086E153 /* CoreDataFeedStoreTests.swift */ = {isa = PBXFileReference; lastKnownFileType = sourcecode.swift; path = CoreDataFeedStoreTests.swift; sourceTree = "<group>"; };
		303183E3293EFBC00077F0F4 /* EssentialFeed.framework */ = {isa = PBXFileReference; explicitFileType = wrapper.framework; includeInIndex = 0; path = EssentialFeed.framework; sourceTree = BUILT_PRODUCTS_DIR; };
		303183E6293EFBC00077F0F4 /* EssentialFeed.h */ = {isa = PBXFileReference; lastKnownFileType = sourcecode.c.h; path = EssentialFeed.h; sourceTree = "<group>"; };
		303183ED293EFBC00077F0F4 /* EssentialFeedTests.xctest */ = {isa = PBXFileReference; explicitFileType = wrapper.cfbundle; includeInIndex = 0; path = EssentialFeedTests.xctest; sourceTree = BUILT_PRODUCTS_DIR; };
		303183F2293EFBC00077F0F4 /* LoadFeedFromRemoteUseCaseTests.swift */ = {isa = PBXFileReference; lastKnownFileType = sourcecode.swift; path = LoadFeedFromRemoteUseCaseTests.swift; sourceTree = "<group>"; };
		303183FD293EFBEE0077F0F4 /* FeedImage.swift */ = {isa = PBXFileReference; lastKnownFileType = sourcecode.swift; path = FeedImage.swift; sourceTree = "<group>"; };
		303183FF293EFD0B0077F0F4 /* FeedLoader.swift */ = {isa = PBXFileReference; lastKnownFileType = sourcecode.swift; path = FeedLoader.swift; sourceTree = "<group>"; };
		3034853729533AD300D308AC /* URLSessionHTTPClient.swift */ = {isa = PBXFileReference; lastKnownFileType = sourcecode.swift; path = URLSessionHTTPClient.swift; sourceTree = "<group>"; };
		3040BEA92968CBEC00DB29D4 /* LoadFeedFromCacheUseCaseTests.swift */ = {isa = PBXFileReference; lastKnownFileType = sourcecode.swift; path = LoadFeedFromCacheUseCaseTests.swift; sourceTree = "<group>"; };
		3040BEAC2968CE0B00DB29D4 /* FeedStoreSpy.swift */ = {isa = PBXFileReference; lastKnownFileType = sourcecode.swift; path = FeedStoreSpy.swift; sourceTree = "<group>"; };
		304168E02978961800040552 /* FeedCachePolicy.swift */ = {isa = PBXFileReference; lastKnownFileType = sourcecode.swift; path = FeedCachePolicy.swift; sourceTree = "<group>"; };
		304A41812952FB9700497C4F /* XCTestCase+MemoryLeakTracking.swift */ = {isa = PBXFileReference; lastKnownFileType = sourcecode.swift; path = "XCTestCase+MemoryLeakTracking.swift"; sourceTree = "<group>"; };
		30563FF0299246D400C2EBD3 /* CoreDataHelpers.swift */ = {isa = PBXFileReference; lastKnownFileType = sourcecode.swift; path = CoreDataHelpers.swift; sourceTree = "<group>"; };
		30563FF22992477600C2EBD3 /* ManagedCache.swift */ = {isa = PBXFileReference; lastKnownFileType = sourcecode.swift; path = ManagedCache.swift; sourceTree = "<group>"; };
		30563FF42992477F00C2EBD3 /* ManagedFeedImage.swift */ = {isa = PBXFileReference; lastKnownFileType = sourcecode.swift; path = ManagedFeedImage.swift; sourceTree = "<group>"; };
		3060BC9A2954BA90005EC09F /* EssentialFeedAPIEndToEndTests.xctest */ = {isa = PBXFileReference; explicitFileType = wrapper.cfbundle; includeInIndex = 0; path = EssentialFeedAPIEndToEndTests.xctest; sourceTree = BUILT_PRODUCTS_DIR; };
		3060BC9C2954BA90005EC09F /* EssentialFeedAPIEndToEndTests.swift */ = {isa = PBXFileReference; lastKnownFileType = sourcecode.swift; path = EssentialFeedAPIEndToEndTests.swift; sourceTree = "<group>"; };
		3063457B296230A800A3BE26 /* CacheFeedUseCaseTests.swift */ = {isa = PBXFileReference; lastKnownFileType = sourcecode.swift; path = CacheFeedUseCaseTests.swift; sourceTree = "<group>"; };
		3063457E2964E07E00A3BE26 /* LocalFeedLoader.swift */ = {isa = PBXFileReference; lastKnownFileType = sourcecode.swift; path = LocalFeedLoader.swift; sourceTree = "<group>"; };
		306345802964E12900A3BE26 /* FeedStore.swift */ = {isa = PBXFileReference; lastKnownFileType = sourcecode.swift; path = FeedStore.swift; sourceTree = "<group>"; };
		306FA6F7298BAE44007B220D /* FeedStore.xcdatamodel */ = {isa = PBXFileReference; lastKnownFileType = wrapper.xcdatamodel; path = FeedStore.xcdatamodel; sourceTree = "<group>"; };
		306FA6F9298BB8AC007B220D /* CoreDataFeedStore.swift */ = {isa = PBXFileReference; lastKnownFileType = sourcecode.swift; path = CoreDataFeedStore.swift; sourceTree = "<group>"; };
		30783274297535920066792D /* ValidateFeedCacheUseCaseTests.swift */ = {isa = PBXFileReference; lastKnownFileType = sourcecode.swift; path = ValidateFeedCacheUseCaseTests.swift; sourceTree = "<group>"; };
		3078327629753E190066792D /* FeedCacheTestHelpers.swift */ = {isa = PBXFileReference; lastKnownFileType = sourcecode.swift; path = FeedCacheTestHelpers.swift; sourceTree = "<group>"; };
		3078327829753F4C0066792D /* SharedTestHelpers.swift */ = {isa = PBXFileReference; lastKnownFileType = sourcecode.swift; path = SharedTestHelpers.swift; sourceTree = "<group>"; };
		309DE89C29951C2C008055A2 /* EssentialFeedCacheIntegrationTests.xctest */ = {isa = PBXFileReference; explicitFileType = wrapper.cfbundle; includeInIndex = 0; path = EssentialFeedCacheIntegrationTests.xctest; sourceTree = BUILT_PRODUCTS_DIR; };
		309DE89E29951C2C008055A2 /* EssentialFeedCacheIntegrationTests.swift */ = {isa = PBXFileReference; lastKnownFileType = sourcecode.swift; path = EssentialFeedCacheIntegrationTests.swift; sourceTree = "<group>"; };
		30A411EA29D5A2320030595A /* UIView+Shimmering.swift */ = {isa = PBXFileReference; lastKnownFileType = sourcecode.swift; path = "UIView+Shimmering.swift"; sourceTree = "<group>"; };
		30A7B10C2984495F00C02998 /* FeedStoreSpecs.swift */ = {isa = PBXFileReference; lastKnownFileType = sourcecode.swift; path = FeedStoreSpecs.swift; sourceTree = "<group>"; };
		30A7B10E29844A6C00C02998 /* XCTestCase+FeedStoreSpecs.swift */ = {isa = PBXFileReference; lastKnownFileType = sourcecode.swift; path = "XCTestCase+FeedStoreSpecs.swift"; sourceTree = "<group>"; };
		30AE47D729B5DDA800F334FB /* FeedViewControllerTests.swift */ = {isa = PBXFileReference; lastKnownFileType = sourcecode.swift; path = FeedViewControllerTests.swift; sourceTree = "<group>"; };
		30AF7AEA2947469800AB3C55 /* HTTPClient.swift */ = {isa = PBXFileReference; lastKnownFileType = sourcecode.swift; path = HTTPClient.swift; sourceTree = "<group>"; };
		30D2548C29CC4FC80013E1E9 /* FeedImageCell.swift */ = {isa = PBXFileReference; lastKnownFileType = sourcecode.swift; path = FeedImageCell.swift; sourceTree = "<group>"; };
		30D418FE296736A000883379 /* RemoteFeedItem.swift */ = {isa = PBXFileReference; lastKnownFileType = sourcecode.swift; path = RemoteFeedItem.swift; sourceTree = "<group>"; };
		30D41900296736ED00883379 /* LocalFeedImage.swift */ = {isa = PBXFileReference; lastKnownFileType = sourcecode.swift; path = LocalFeedImage.swift; sourceTree = "<group>"; };
		30EEA7FD293FE58F00AD5A97 /* RemoteFeedLoader.swift */ = {isa = PBXFileReference; lastKnownFileType = sourcecode.swift; path = RemoteFeedLoader.swift; sourceTree = "<group>"; };
/* End PBXFileReference section */

/* Begin PBXFrameworksBuildPhase section */
		302A24EF29A3D886008CBEFC /* Frameworks */ = {
			isa = PBXFrameworksBuildPhase;
			buildActionMask = 2147483647;
			files = (
				3022D40829B6A4A7004F2B37 /* EssentialFeed.framework in Frameworks */,
			);
			runOnlyForDeploymentPostprocessing = 0;
		};
		302A24F629A3D886008CBEFC /* Frameworks */ = {
			isa = PBXFrameworksBuildPhase;
			buildActionMask = 2147483647;
			files = (
				302A24FA29A3D886008CBEFC /* EssentialFeediOS.framework in Frameworks */,
			);
			runOnlyForDeploymentPostprocessing = 0;
		};
		303183E0293EFBC00077F0F4 /* Frameworks */ = {
			isa = PBXFrameworksBuildPhase;
			buildActionMask = 2147483647;
			files = (
			);
			runOnlyForDeploymentPostprocessing = 0;
		};
		303183EA293EFBC00077F0F4 /* Frameworks */ = {
			isa = PBXFrameworksBuildPhase;
			buildActionMask = 2147483647;
			files = (
				303183EE293EFBC00077F0F4 /* EssentialFeed.framework in Frameworks */,
			);
			runOnlyForDeploymentPostprocessing = 0;
		};
		3060BC972954BA90005EC09F /* Frameworks */ = {
			isa = PBXFrameworksBuildPhase;
			buildActionMask = 2147483647;
			files = (
				3060BC9E2954BA90005EC09F /* EssentialFeed.framework in Frameworks */,
			);
			runOnlyForDeploymentPostprocessing = 0;
		};
		309DE89929951C2C008055A2 /* Frameworks */ = {
			isa = PBXFrameworksBuildPhase;
			buildActionMask = 2147483647;
			files = (
				309DE8A029951C2C008055A2 /* EssentialFeed.framework in Frameworks */,
			);
			runOnlyForDeploymentPostprocessing = 0;
		};
/* End PBXFrameworksBuildPhase section */

/* Begin PBXGroup section */
		302A24F329A3D886008CBEFC /* EssentialFeediOS */ = {
			isa = PBXGroup;
			children = (
				3022D40629B69AF8004F2B37 /* FeedViewController.swift */,
				30D2548C29CC4FC80013E1E9 /* FeedImageCell.swift */,
				30A411EA29D5A2320030595A /* UIView+Shimmering.swift */,
			);
			path = EssentialFeediOS;
			sourceTree = "<group>";
		};
		302A24FD29A3D887008CBEFC /* EssentialFeediOSTests */ = {
			isa = PBXGroup;
			children = (
				30AE47D729B5DDA800F334FB /* FeedViewControllerTests.swift */,
			);
			path = EssentialFeediOSTests;
			sourceTree = "<group>";
		};
		302BFB83298493880086E153 /* FeedStoreSpecs */ = {
			isa = PBXGroup;
			children = (
				30A7B10C2984495F00C02998 /* FeedStoreSpecs.swift */,
				30A7B10E29844A6C00C02998 /* XCTestCase+FeedStoreSpecs.swift */,
				302BFB7D298490170086E153 /* XCTestCase+FailableRetrieveFeedStoreSpecs.swift */,
				302BFB7F298491030086E153 /* XCTestCase+FailableInsertFeedStoreSpecs.swift */,
				302BFB81298491780086E153 /* XCTestCase+FailableDeleteFeedStoreSpecs.swift */,
			);
			path = FeedStoreSpecs;
			sourceTree = "<group>";
		};
		303183D9293EFBC00077F0F4 = {
			isa = PBXGroup;
			children = (
				303183E5293EFBC00077F0F4 /* EssentialFeed */,
				303183F1293EFBC00077F0F4 /* EssentialFeedTests */,
				3060BC9B2954BA90005EC09F /* EssentialFeedAPIEndToEndTests */,
				309DE89D29951C2C008055A2 /* EssentialFeedCacheIntegrationTests */,
				302A24F329A3D886008CBEFC /* EssentialFeediOS */,
				302A24FD29A3D887008CBEFC /* EssentialFeediOSTests */,
				303183E4293EFBC00077F0F4 /* Products */,
				30AE47D929B5E40500F334FB /* Frameworks */,
			);
			sourceTree = "<group>";
		};
		303183E4293EFBC00077F0F4 /* Products */ = {
			isa = PBXGroup;
			children = (
				303183E3293EFBC00077F0F4 /* EssentialFeed.framework */,
				303183ED293EFBC00077F0F4 /* EssentialFeedTests.xctest */,
				3060BC9A2954BA90005EC09F /* EssentialFeedAPIEndToEndTests.xctest */,
				309DE89C29951C2C008055A2 /* EssentialFeedCacheIntegrationTests.xctest */,
				302A24F229A3D886008CBEFC /* EssentialFeediOS.framework */,
				302A24F929A3D886008CBEFC /* EssentialFeediOSTests.xctest */,
			);
			name = Products;
			sourceTree = "<group>";
		};
		303183E5293EFBC00077F0F4 /* EssentialFeed */ = {
			isa = PBXGroup;
			children = (
				3063457D2964E06800A3BE26 /* Feed Cache */,
				30318401293EFDC60077F0F4 /* Feed Feature */,
				30EEA7FC293FE56200AD5A97 /* Feed API */,
				303183E6293EFBC00077F0F4 /* EssentialFeed.h */,
			);
			path = EssentialFeed;
			sourceTree = "<group>";
		};
		303183F1293EFBC00077F0F4 /* EssentialFeedTests */ = {
			isa = PBXGroup;
			children = (
				304A41802952FB6A00497C4F /* Helpers */,
				3063457A2962308400A3BE26 /* Feed Cache */,
				306340BF29478FAC0032BA5A /* Feed API */,
			);
			path = EssentialFeedTests;
			sourceTree = "<group>";
		};
		30318401293EFDC60077F0F4 /* Feed Feature */ = {
			isa = PBXGroup;
			children = (
				303183FD293EFBEE0077F0F4 /* FeedImage.swift */,
				303183FF293EFD0B0077F0F4 /* FeedLoader.swift */,
			);
			path = "Feed Feature";
			sourceTree = "<group>";
		};
		3040BEAB2968CDF800DB29D4 /* Helpers */ = {
			isa = PBXGroup;
			children = (
				3040BEAC2968CE0B00DB29D4 /* FeedStoreSpy.swift */,
				3078327629753E190066792D /* FeedCacheTestHelpers.swift */,
			);
			path = Helpers;
			sourceTree = "<group>";
		};
		304A41802952FB6A00497C4F /* Helpers */ = {
			isa = PBXGroup;
			children = (
				304A41812952FB9700497C4F /* XCTestCase+MemoryLeakTracking.swift */,
				3078327829753F4C0066792D /* SharedTestHelpers.swift */,
			);
			path = Helpers;
			sourceTree = "<group>";
		};
		30563FED2992458600C2EBD3 /* Infrastructure */ = {
			isa = PBXGroup;
			children = (
				30563FEE2992459200C2EBD3 /* CoreData */,
			);
			path = Infrastructure;
			sourceTree = "<group>";
		};
		30563FEE2992459200C2EBD3 /* CoreData */ = {
			isa = PBXGroup;
			children = (
				306FA6F9298BB8AC007B220D /* CoreDataFeedStore.swift */,
				306FA6F6298BAE44007B220D /* FeedStore.xcdatamodeld */,
				30563FF0299246D400C2EBD3 /* CoreDataHelpers.swift */,
				30563FF22992477600C2EBD3 /* ManagedCache.swift */,
				30563FF42992477F00C2EBD3 /* ManagedFeedImage.swift */,
			);
			path = CoreData;
			sourceTree = "<group>";
		};
		3060BC9B2954BA90005EC09F /* EssentialFeedAPIEndToEndTests */ = {
			isa = PBXGroup;
			children = (
				3060BC9C2954BA90005EC09F /* EssentialFeedAPIEndToEndTests.swift */,
			);
			path = EssentialFeedAPIEndToEndTests;
			sourceTree = "<group>";
		};
		306340BF29478FAC0032BA5A /* Feed API */ = {
			isa = PBXGroup;
			children = (
				303183F2293EFBC00077F0F4 /* LoadFeedFromRemoteUseCaseTests.swift */,
				30141B06294CC3F900F54109 /* URLSessionHTTPClientTests.swift */,
			);
			path = "Feed API";
			sourceTree = "<group>";
		};
		3063457A2962308400A3BE26 /* Feed Cache */ = {
			isa = PBXGroup;
			children = (
				3040BEAB2968CDF800DB29D4 /* Helpers */,
				3063457B296230A800A3BE26 /* CacheFeedUseCaseTests.swift */,
				3040BEA92968CBEC00DB29D4 /* LoadFeedFromCacheUseCaseTests.swift */,
				30783274297535920066792D /* ValidateFeedCacheUseCaseTests.swift */,
				302BFB842985C7950086E153 /* CoreDataFeedStoreTests.swift */,
				302BFB83298493880086E153 /* FeedStoreSpecs */,
			);
			path = "Feed Cache";
			sourceTree = "<group>";
		};
		3063457D2964E06800A3BE26 /* Feed Cache */ = {
			isa = PBXGroup;
			children = (
				30563FED2992458600C2EBD3 /* Infrastructure */,
				3063457E2964E07E00A3BE26 /* LocalFeedLoader.swift */,
				306345802964E12900A3BE26 /* FeedStore.swift */,
				30D41900296736ED00883379 /* LocalFeedImage.swift */,
				304168E02978961800040552 /* FeedCachePolicy.swift */,
			);
			path = "Feed Cache";
			sourceTree = "<group>";
		};
		309DE89D29951C2C008055A2 /* EssentialFeedCacheIntegrationTests */ = {
			isa = PBXGroup;
			children = (
				309DE89E29951C2C008055A2 /* EssentialFeedCacheIntegrationTests.swift */,
			);
			path = EssentialFeedCacheIntegrationTests;
			sourceTree = "<group>";
		};
		30AE47D929B5E40500F334FB /* Frameworks */ = {
			isa = PBXGroup;
			children = (
			);
			name = Frameworks;
			sourceTree = "<group>";
		};
		30EEA7FC293FE56200AD5A97 /* Feed API */ = {
			isa = PBXGroup;
			children = (
				30EEA7FD293FE58F00AD5A97 /* RemoteFeedLoader.swift */,
				30AF7AEA2947469800AB3C55 /* HTTPClient.swift */,
				3034853729533AD300D308AC /* URLSessionHTTPClient.swift */,
				300D41A32947475500344CB2 /* FeedItemsMapper.swift */,
				30D418FE296736A000883379 /* RemoteFeedItem.swift */,
			);
			path = "Feed API";
			sourceTree = "<group>";
		};
/* End PBXGroup section */

/* Begin PBXHeadersBuildPhase section */
		302A24ED29A3D886008CBEFC /* Headers */ = {
			isa = PBXHeadersBuildPhase;
			buildActionMask = 2147483647;
			files = (
			);
			runOnlyForDeploymentPostprocessing = 0;
		};
		303183DE293EFBC00077F0F4 /* Headers */ = {
			isa = PBXHeadersBuildPhase;
			buildActionMask = 2147483647;
			files = (
				303183F4293EFBC00077F0F4 /* EssentialFeed.h in Headers */,
			);
			runOnlyForDeploymentPostprocessing = 0;
		};
/* End PBXHeadersBuildPhase section */

/* Begin PBXNativeTarget section */
		302A24F129A3D886008CBEFC /* EssentialFeediOS */ = {
			isa = PBXNativeTarget;
			buildConfigurationList = 302A250129A3D887008CBEFC /* Build configuration list for PBXNativeTarget "EssentialFeediOS" */;
			buildPhases = (
				302A24ED29A3D886008CBEFC /* Headers */,
				302A24EE29A3D886008CBEFC /* Sources */,
				302A24EF29A3D886008CBEFC /* Frameworks */,
				302A24F029A3D886008CBEFC /* Resources */,
				3022D40A29B6A4A7004F2B37 /* Embed Frameworks */,
			);
			buildRules = (
			);
			dependencies = (
				30AE47E229B5E46600F334FB /* PBXTargetDependency */,
			);
			name = EssentialFeediOS;
			productName = EssentialFeediOS;
			productReference = 302A24F229A3D886008CBEFC /* EssentialFeediOS.framework */;
			productType = "com.apple.product-type.framework";
		};
		302A24F829A3D886008CBEFC /* EssentialFeediOSTests */ = {
			isa = PBXNativeTarget;
			buildConfigurationList = 302A250429A3D887008CBEFC /* Build configuration list for PBXNativeTarget "EssentialFeediOSTests" */;
			buildPhases = (
				302A24F529A3D886008CBEFC /* Sources */,
				302A24F629A3D886008CBEFC /* Frameworks */,
				302A24F729A3D886008CBEFC /* Resources */,
			);
			buildRules = (
			);
			dependencies = (
				302A24FC29A3D886008CBEFC /* PBXTargetDependency */,
			);
			name = EssentialFeediOSTests;
			productName = EssentialFeediOSTests;
			productReference = 302A24F929A3D886008CBEFC /* EssentialFeediOSTests.xctest */;
			productType = "com.apple.product-type.bundle.unit-test";
		};
		303183E2293EFBC00077F0F4 /* EssentialFeed */ = {
			isa = PBXNativeTarget;
			buildConfigurationList = 303183F7293EFBC00077F0F4 /* Build configuration list for PBXNativeTarget "EssentialFeed" */;
			buildPhases = (
				303183DE293EFBC00077F0F4 /* Headers */,
				303183DF293EFBC00077F0F4 /* Sources */,
				303183E0293EFBC00077F0F4 /* Frameworks */,
				303183E1293EFBC00077F0F4 /* Resources */,
			);
			buildRules = (
			);
			dependencies = (
			);
			name = EssentialFeed;
			productName = EssentialFeed;
			productReference = 303183E3293EFBC00077F0F4 /* EssentialFeed.framework */;
			productType = "com.apple.product-type.framework";
		};
		303183EC293EFBC00077F0F4 /* EssentialFeedTests */ = {
			isa = PBXNativeTarget;
			buildConfigurationList = 303183FA293EFBC00077F0F4 /* Build configuration list for PBXNativeTarget "EssentialFeedTests" */;
			buildPhases = (
				303183E9293EFBC00077F0F4 /* Sources */,
				303183EA293EFBC00077F0F4 /* Frameworks */,
				303183EB293EFBC00077F0F4 /* Resources */,
			);
			buildRules = (
			);
			dependencies = (
				303183F0293EFBC00077F0F4 /* PBXTargetDependency */,
			);
			name = EssentialFeedTests;
			productName = EssentialFeedTests;
			productReference = 303183ED293EFBC00077F0F4 /* EssentialFeedTests.xctest */;
			productType = "com.apple.product-type.bundle.unit-test";
		};
		3060BC992954BA90005EC09F /* EssentialFeedAPIEndToEndTests */ = {
			isa = PBXNativeTarget;
			buildConfigurationList = 3060BCA32954BA90005EC09F /* Build configuration list for PBXNativeTarget "EssentialFeedAPIEndToEndTests" */;
			buildPhases = (
				3060BC962954BA90005EC09F /* Sources */,
				3060BC972954BA90005EC09F /* Frameworks */,
				3060BC982954BA90005EC09F /* Resources */,
			);
			buildRules = (
			);
			dependencies = (
				3060BCA02954BA90005EC09F /* PBXTargetDependency */,
			);
			name = EssentialFeedAPIEndToEndTests;
			productName = EssentialFeedAPIEndToEndTests;
			productReference = 3060BC9A2954BA90005EC09F /* EssentialFeedAPIEndToEndTests.xctest */;
			productType = "com.apple.product-type.bundle.unit-test";
		};
		309DE89B29951C2C008055A2 /* EssentialFeedCacheIntegrationTests */ = {
			isa = PBXNativeTarget;
			buildConfigurationList = 309DE8A529951C2C008055A2 /* Build configuration list for PBXNativeTarget "EssentialFeedCacheIntegrationTests" */;
			buildPhases = (
				309DE89829951C2C008055A2 /* Sources */,
				309DE89929951C2C008055A2 /* Frameworks */,
				309DE89A29951C2C008055A2 /* Resources */,
			);
			buildRules = (
			);
			dependencies = (
				309DE8A229951C2C008055A2 /* PBXTargetDependency */,
			);
			name = EssentialFeedCacheIntegrationTests;
			productName = EssentialFeedCacheIntegrationTests;
			productReference = 309DE89C29951C2C008055A2 /* EssentialFeedCacheIntegrationTests.xctest */;
			productType = "com.apple.product-type.bundle.unit-test";
		};
/* End PBXNativeTarget section */

/* Begin PBXProject section */
		303183DA293EFBC00077F0F4 /* Project object */ = {
			isa = PBXProject;
			attributes = {
				BuildIndependentTargetsInParallel = 1;
				LastSwiftUpdateCheck = 1420;
				LastUpgradeCheck = 1410;
				TargetAttributes = {
					302A24F129A3D886008CBEFC = {
						CreatedOnToolsVersion = 14.2;
						LastSwiftMigration = 1420;
					};
					302A24F829A3D886008CBEFC = {
						CreatedOnToolsVersion = 14.2;
						LastSwiftMigration = 1420;
					};
					303183E2293EFBC00077F0F4 = {
						CreatedOnToolsVersion = 14.1;
						LastSwiftMigration = 1410;
					};
					303183EC293EFBC00077F0F4 = {
						CreatedOnToolsVersion = 14.1;
					};
					3060BC992954BA90005EC09F = {
						CreatedOnToolsVersion = 14.2;
					};
					309DE89B29951C2C008055A2 = {
						CreatedOnToolsVersion = 14.2;
					};
				};
			};
			buildConfigurationList = 303183DD293EFBC00077F0F4 /* Build configuration list for PBXProject "EssentialFeed" */;
			compatibilityVersion = "Xcode 14.0";
			developmentRegion = en;
			hasScannedForEncodings = 0;
			knownRegions = (
				en,
				Base,
			);
			mainGroup = 303183D9293EFBC00077F0F4;
			productRefGroup = 303183E4293EFBC00077F0F4 /* Products */;
			projectDirPath = "";
			projectRoot = "";
			targets = (
				303183E2293EFBC00077F0F4 /* EssentialFeed */,
				303183EC293EFBC00077F0F4 /* EssentialFeedTests */,
				3060BC992954BA90005EC09F /* EssentialFeedAPIEndToEndTests */,
				309DE89B29951C2C008055A2 /* EssentialFeedCacheIntegrationTests */,
				302A24F129A3D886008CBEFC /* EssentialFeediOS */,
				302A24F829A3D886008CBEFC /* EssentialFeediOSTests */,
			);
		};
/* End PBXProject section */

/* Begin PBXResourcesBuildPhase section */
		302A24F029A3D886008CBEFC /* Resources */ = {
			isa = PBXResourcesBuildPhase;
			buildActionMask = 2147483647;
			files = (
			);
			runOnlyForDeploymentPostprocessing = 0;
		};
		302A24F729A3D886008CBEFC /* Resources */ = {
			isa = PBXResourcesBuildPhase;
			buildActionMask = 2147483647;
			files = (
			);
			runOnlyForDeploymentPostprocessing = 0;
		};
		303183E1293EFBC00077F0F4 /* Resources */ = {
			isa = PBXResourcesBuildPhase;
			buildActionMask = 2147483647;
			files = (
			);
			runOnlyForDeploymentPostprocessing = 0;
		};
		303183EB293EFBC00077F0F4 /* Resources */ = {
			isa = PBXResourcesBuildPhase;
			buildActionMask = 2147483647;
			files = (
			);
			runOnlyForDeploymentPostprocessing = 0;
		};
		3060BC982954BA90005EC09F /* Resources */ = {
			isa = PBXResourcesBuildPhase;
			buildActionMask = 2147483647;
			files = (
			);
			runOnlyForDeploymentPostprocessing = 0;
		};
		309DE89A29951C2C008055A2 /* Resources */ = {
			isa = PBXResourcesBuildPhase;
			buildActionMask = 2147483647;
			files = (
			);
			runOnlyForDeploymentPostprocessing = 0;
		};
/* End PBXResourcesBuildPhase section */

/* Begin PBXSourcesBuildPhase section */
		302A24EE29A3D886008CBEFC /* Sources */ = {
			isa = PBXSourcesBuildPhase;
			buildActionMask = 2147483647;
			files = (
				30A411EB29D5A2320030595A /* UIView+Shimmering.swift in Sources */,
				3022D40729B69AF8004F2B37 /* FeedViewController.swift in Sources */,
				30D2548D29CC4FC80013E1E9 /* FeedImageCell.swift in Sources */,
			);
			runOnlyForDeploymentPostprocessing = 0;
		};
		302A24F529A3D886008CBEFC /* Sources */ = {
			isa = PBXSourcesBuildPhase;
			buildActionMask = 2147483647;
			files = (
				30AE47D829B5DDA800F334FB /* FeedViewControllerTests.swift in Sources */,
				30B6BA2829B684A2005E0C9E /* XCTestCase+MemoryLeakTracking.swift in Sources */,
			);
			runOnlyForDeploymentPostprocessing = 0;
		};
		303183DF293EFBC00077F0F4 /* Sources */ = {
			isa = PBXSourcesBuildPhase;
			buildActionMask = 2147483647;
			files = (
				30563FF1299246D400C2EBD3 /* CoreDataHelpers.swift in Sources */,
				306FA6F8298BAE44007B220D /* FeedStore.xcdatamodeld in Sources */,
				300D41A42947475500344CB2 /* FeedItemsMapper.swift in Sources */,
				30318400293EFD0B0077F0F4 /* FeedLoader.swift in Sources */,
				30D418FF296736A000883379 /* RemoteFeedItem.swift in Sources */,
				304168E12978961800040552 /* FeedCachePolicy.swift in Sources */,
				30EEA7FE293FE58F00AD5A97 /* RemoteFeedLoader.swift in Sources */,
				306FA6FA298BB8AC007B220D /* CoreDataFeedStore.swift in Sources */,
				30D41901296736ED00883379 /* LocalFeedImage.swift in Sources */,
				306345812964E12900A3BE26 /* FeedStore.swift in Sources */,
				3063457F2964E07E00A3BE26 /* LocalFeedLoader.swift in Sources */,
				30AF7AEB2947469800AB3C55 /* HTTPClient.swift in Sources */,
				303183FE293EFBEE0077F0F4 /* FeedImage.swift in Sources */,
				30563FF32992477600C2EBD3 /* ManagedCache.swift in Sources */,
				3034853829533AD300D308AC /* URLSessionHTTPClient.swift in Sources */,
				30563FF52992477F00C2EBD3 /* ManagedFeedImage.swift in Sources */,
			);
			runOnlyForDeploymentPostprocessing = 0;
		};
		303183E9293EFBC00077F0F4 /* Sources */ = {
			isa = PBXSourcesBuildPhase;
			buildActionMask = 2147483647;
			files = (
				3078327729753E190066792D /* FeedCacheTestHelpers.swift in Sources */,
				30783275297535920066792D /* ValidateFeedCacheUseCaseTests.swift in Sources */,
				302BFB7E298490170086E153 /* XCTestCase+FailableRetrieveFeedStoreSpecs.swift in Sources */,
				302BFB80298491030086E153 /* XCTestCase+FailableInsertFeedStoreSpecs.swift in Sources */,
				303183F3293EFBC00077F0F4 /* LoadFeedFromRemoteUseCaseTests.swift in Sources */,
				30141B07294CC3F900F54109 /* URLSessionHTTPClientTests.swift in Sources */,
				3040BEAD2968CE0B00DB29D4 /* FeedStoreSpy.swift in Sources */,
				3078327929753F4C0066792D /* SharedTestHelpers.swift in Sources */,
				302BFB82298491780086E153 /* XCTestCase+FailableDeleteFeedStoreSpecs.swift in Sources */,
				3063457C296230A800A3BE26 /* CacheFeedUseCaseTests.swift in Sources */,
				3040BEAA2968CBEC00DB29D4 /* LoadFeedFromCacheUseCaseTests.swift in Sources */,
				30A7B10D2984495F00C02998 /* FeedStoreSpecs.swift in Sources */,
				304A41822952FB9700497C4F /* XCTestCase+MemoryLeakTracking.swift in Sources */,
				302BFB852985C7950086E153 /* CoreDataFeedStoreTests.swift in Sources */,
				30A7B10F29844A6C00C02998 /* XCTestCase+FeedStoreSpecs.swift in Sources */,
			);
			runOnlyForDeploymentPostprocessing = 0;
		};
		3060BC962954BA90005EC09F /* Sources */ = {
			isa = PBXSourcesBuildPhase;
			buildActionMask = 2147483647;
			files = (
				3060BC9D2954BA90005EC09F /* EssentialFeedAPIEndToEndTests.swift in Sources */,
				307FB5E02954C04A0060C41A /* XCTestCase+MemoryLeakTracking.swift in Sources */,
			);
			runOnlyForDeploymentPostprocessing = 0;
		};
		309DE89829951C2C008055A2 /* Sources */ = {
			isa = PBXSourcesBuildPhase;
			buildActionMask = 2147483647;
			files = (
				309DE8A829952367008055A2 /* SharedTestHelpers.swift in Sources */,
				309DE89F29951C2C008055A2 /* EssentialFeedCacheIntegrationTests.swift in Sources */,
				309DE8A72995234B008055A2 /* FeedCacheTestHelpers.swift in Sources */,
				309DE8A6299520A9008055A2 /* XCTestCase+MemoryLeakTracking.swift in Sources */,
			);
			runOnlyForDeploymentPostprocessing = 0;
		};
/* End PBXSourcesBuildPhase section */

/* Begin PBXTargetDependency section */
		302A24FC29A3D886008CBEFC /* PBXTargetDependency */ = {
			isa = PBXTargetDependency;
			target = 302A24F129A3D886008CBEFC /* EssentialFeediOS */;
			targetProxy = 302A24FB29A3D886008CBEFC /* PBXContainerItemProxy */;
		};
		303183F0293EFBC00077F0F4 /* PBXTargetDependency */ = {
			isa = PBXTargetDependency;
			target = 303183E2293EFBC00077F0F4 /* EssentialFeed */;
			targetProxy = 303183EF293EFBC00077F0F4 /* PBXContainerItemProxy */;
		};
		3060BCA02954BA90005EC09F /* PBXTargetDependency */ = {
			isa = PBXTargetDependency;
			target = 303183E2293EFBC00077F0F4 /* EssentialFeed */;
			targetProxy = 3060BC9F2954BA90005EC09F /* PBXContainerItemProxy */;
		};
		309DE8A229951C2C008055A2 /* PBXTargetDependency */ = {
			isa = PBXTargetDependency;
			target = 303183E2293EFBC00077F0F4 /* EssentialFeed */;
			targetProxy = 309DE8A129951C2C008055A2 /* PBXContainerItemProxy */;
		};
		30AE47E229B5E46600F334FB /* PBXTargetDependency */ = {
			isa = PBXTargetDependency;
			platformFilter = ios;
			target = 303183E2293EFBC00077F0F4 /* EssentialFeed */;
			targetProxy = 30AE47E129B5E46600F334FB /* PBXContainerItemProxy */;
		};
/* End PBXTargetDependency section */

/* Begin XCBuildConfiguration section */
		302A250229A3D887008CBEFC /* Debug */ = {
			isa = XCBuildConfiguration;
			buildSettings = {
				CLANG_ENABLE_MODULES = YES;
				CODE_SIGN_STYLE = Automatic;
				CURRENT_PROJECT_VERSION = 1;
				DEFINES_MODULE = YES;
				DEVELOPMENT_TEAM = 9SPL76B3GR;
				DYLIB_COMPATIBILITY_VERSION = 1;
				DYLIB_CURRENT_VERSION = 1;
				DYLIB_INSTALL_NAME_BASE = "@rpath";
				GENERATE_INFOPLIST_FILE = YES;
				INFOPLIST_KEY_NSHumanReadableCopyright = "";
				INSTALL_PATH = "$(LOCAL_LIBRARY_DIR)/Frameworks";
				IPHONEOS_DEPLOYMENT_TARGET = 16.2;
				LD_RUNPATH_SEARCH_PATHS = (
					"$(inherited)",
					"@executable_path/Frameworks",
					"@loader_path/Frameworks",
				);
				MARKETING_VERSION = 1.0;
				PRODUCT_BUNDLE_IDENTIFIER = de.lewisbar.EssentialFeediOS;
				PRODUCT_NAME = "$(TARGET_NAME:c99extidentifier)";
				SDKROOT = iphoneos;
				SKIP_INSTALL = YES;
				SWIFT_EMIT_LOC_STRINGS = YES;
				SWIFT_OPTIMIZATION_LEVEL = "-Onone";
				SWIFT_VERSION = 5.0;
				TARGETED_DEVICE_FAMILY = "1,2";
			};
			name = Debug;
		};
		302A250329A3D887008CBEFC /* Release */ = {
			isa = XCBuildConfiguration;
			buildSettings = {
				CLANG_ENABLE_MODULES = YES;
				CODE_SIGN_STYLE = Automatic;
				CURRENT_PROJECT_VERSION = 1;
				DEFINES_MODULE = YES;
				DEVELOPMENT_TEAM = 9SPL76B3GR;
				DYLIB_COMPATIBILITY_VERSION = 1;
				DYLIB_CURRENT_VERSION = 1;
				DYLIB_INSTALL_NAME_BASE = "@rpath";
				GENERATE_INFOPLIST_FILE = YES;
				INFOPLIST_KEY_NSHumanReadableCopyright = "";
				INSTALL_PATH = "$(LOCAL_LIBRARY_DIR)/Frameworks";
				IPHONEOS_DEPLOYMENT_TARGET = 16.2;
				LD_RUNPATH_SEARCH_PATHS = (
					"$(inherited)",
					"@executable_path/Frameworks",
					"@loader_path/Frameworks",
				);
				MARKETING_VERSION = 1.0;
				PRODUCT_BUNDLE_IDENTIFIER = de.lewisbar.EssentialFeediOS;
				PRODUCT_NAME = "$(TARGET_NAME:c99extidentifier)";
				SDKROOT = iphoneos;
				SKIP_INSTALL = YES;
				SWIFT_EMIT_LOC_STRINGS = YES;
				SWIFT_VERSION = 5.0;
				TARGETED_DEVICE_FAMILY = "1,2";
				VALIDATE_PRODUCT = YES;
			};
			name = Release;
		};
		302A250529A3D887008CBEFC /* Debug */ = {
			isa = XCBuildConfiguration;
			buildSettings = {
				ALWAYS_EMBED_SWIFT_STANDARD_LIBRARIES = YES;
				CLANG_ENABLE_MODULES = YES;
				CODE_SIGN_STYLE = Automatic;
				CURRENT_PROJECT_VERSION = 1;
				DEVELOPMENT_TEAM = 9SPL76B3GR;
				GENERATE_INFOPLIST_FILE = YES;
				IPHONEOS_DEPLOYMENT_TARGET = 16.2;
				LD_RUNPATH_SEARCH_PATHS = (
					"$(inherited)",
					"@executable_path/Frameworks",
					"@loader_path/Frameworks",
				);
				MARKETING_VERSION = 1.0;
				PRODUCT_BUNDLE_IDENTIFIER = de.lewisbar.EssentialFeediOSTests;
				PRODUCT_NAME = "$(TARGET_NAME)";
				SDKROOT = iphoneos;
				SWIFT_EMIT_LOC_STRINGS = NO;
				SWIFT_OPTIMIZATION_LEVEL = "-Onone";
				SWIFT_VERSION = 5.0;
				TARGETED_DEVICE_FAMILY = "1,2";
			};
			name = Debug;
		};
		302A250629A3D887008CBEFC /* Release */ = {
			isa = XCBuildConfiguration;
			buildSettings = {
				ALWAYS_EMBED_SWIFT_STANDARD_LIBRARIES = YES;
				CLANG_ENABLE_MODULES = YES;
				CODE_SIGN_STYLE = Automatic;
				CURRENT_PROJECT_VERSION = 1;
				DEVELOPMENT_TEAM = 9SPL76B3GR;
				GENERATE_INFOPLIST_FILE = YES;
				IPHONEOS_DEPLOYMENT_TARGET = 16.2;
				LD_RUNPATH_SEARCH_PATHS = (
					"$(inherited)",
					"@executable_path/Frameworks",
					"@loader_path/Frameworks",
				);
				MARKETING_VERSION = 1.0;
				PRODUCT_BUNDLE_IDENTIFIER = de.lewisbar.EssentialFeediOSTests;
				PRODUCT_NAME = "$(TARGET_NAME)";
				SDKROOT = iphoneos;
				SWIFT_EMIT_LOC_STRINGS = NO;
				SWIFT_VERSION = 5.0;
				TARGETED_DEVICE_FAMILY = "1,2";
				VALIDATE_PRODUCT = YES;
			};
			name = Release;
		};
		303183F5293EFBC00077F0F4 /* Debug */ = {
			isa = XCBuildConfiguration;
			buildSettings = {
				ALWAYS_SEARCH_USER_PATHS = NO;
				CLANG_ANALYZER_NONNULL = YES;
				CLANG_ANALYZER_NUMBER_OBJECT_CONVERSION = YES_AGGRESSIVE;
				CLANG_CXX_LANGUAGE_STANDARD = "gnu++20";
				CLANG_ENABLE_MODULES = YES;
				CLANG_ENABLE_OBJC_ARC = YES;
				CLANG_ENABLE_OBJC_WEAK = YES;
				CLANG_WARN_BLOCK_CAPTURE_AUTORELEASING = YES;
				CLANG_WARN_BOOL_CONVERSION = YES;
				CLANG_WARN_COMMA = YES;
				CLANG_WARN_CONSTANT_CONVERSION = YES;
				CLANG_WARN_DEPRECATED_OBJC_IMPLEMENTATIONS = YES;
				CLANG_WARN_DIRECT_OBJC_ISA_USAGE = YES_ERROR;
				CLANG_WARN_DOCUMENTATION_COMMENTS = YES;
				CLANG_WARN_EMPTY_BODY = YES;
				CLANG_WARN_ENUM_CONVERSION = YES;
				CLANG_WARN_INFINITE_RECURSION = YES;
				CLANG_WARN_INT_CONVERSION = YES;
				CLANG_WARN_NON_LITERAL_NULL_CONVERSION = YES;
				CLANG_WARN_OBJC_IMPLICIT_RETAIN_SELF = YES;
				CLANG_WARN_OBJC_LITERAL_CONVERSION = YES;
				CLANG_WARN_OBJC_ROOT_CLASS = YES_ERROR;
				CLANG_WARN_QUOTED_INCLUDE_IN_FRAMEWORK_HEADER = YES;
				CLANG_WARN_RANGE_LOOP_ANALYSIS = YES;
				CLANG_WARN_STRICT_PROTOTYPES = YES;
				CLANG_WARN_SUSPICIOUS_MOVE = YES;
				CLANG_WARN_UNGUARDED_AVAILABILITY = YES_AGGRESSIVE;
				CLANG_WARN_UNREACHABLE_CODE = YES;
				CLANG_WARN__DUPLICATE_METHOD_MATCH = YES;
				COPY_PHASE_STRIP = NO;
				CURRENT_PROJECT_VERSION = 1;
				DEBUG_INFORMATION_FORMAT = dwarf;
				ENABLE_STRICT_OBJC_MSGSEND = YES;
				ENABLE_TESTABILITY = YES;
				GCC_C_LANGUAGE_STANDARD = gnu11;
				GCC_DYNAMIC_NO_PIC = NO;
				GCC_NO_COMMON_BLOCKS = YES;
				GCC_OPTIMIZATION_LEVEL = 0;
				GCC_PREPROCESSOR_DEFINITIONS = (
					"DEBUG=1",
					"$(inherited)",
				);
				GCC_WARN_64_TO_32_BIT_CONVERSION = YES;
				GCC_WARN_ABOUT_RETURN_TYPE = YES_ERROR;
				GCC_WARN_UNDECLARED_SELECTOR = YES;
				GCC_WARN_UNINITIALIZED_AUTOS = YES_AGGRESSIVE;
				GCC_WARN_UNUSED_FUNCTION = YES;
				GCC_WARN_UNUSED_VARIABLE = YES;
				MACOSX_DEPLOYMENT_TARGET = 12.6;
				MTL_ENABLE_DEBUG_INFO = INCLUDE_SOURCE;
				MTL_FAST_MATH = YES;
				ONLY_ACTIVE_ARCH = YES;
				SDKROOT = macosx;
				SWIFT_ACTIVE_COMPILATION_CONDITIONS = DEBUG;
				SWIFT_OPTIMIZATION_LEVEL = "-Onone";
				VERSIONING_SYSTEM = "apple-generic";
				VERSION_INFO_PREFIX = "";
			};
			name = Debug;
		};
		303183F6293EFBC00077F0F4 /* Release */ = {
			isa = XCBuildConfiguration;
			buildSettings = {
				ALWAYS_SEARCH_USER_PATHS = NO;
				CLANG_ANALYZER_NONNULL = YES;
				CLANG_ANALYZER_NUMBER_OBJECT_CONVERSION = YES_AGGRESSIVE;
				CLANG_CXX_LANGUAGE_STANDARD = "gnu++20";
				CLANG_ENABLE_MODULES = YES;
				CLANG_ENABLE_OBJC_ARC = YES;
				CLANG_ENABLE_OBJC_WEAK = YES;
				CLANG_WARN_BLOCK_CAPTURE_AUTORELEASING = YES;
				CLANG_WARN_BOOL_CONVERSION = YES;
				CLANG_WARN_COMMA = YES;
				CLANG_WARN_CONSTANT_CONVERSION = YES;
				CLANG_WARN_DEPRECATED_OBJC_IMPLEMENTATIONS = YES;
				CLANG_WARN_DIRECT_OBJC_ISA_USAGE = YES_ERROR;
				CLANG_WARN_DOCUMENTATION_COMMENTS = YES;
				CLANG_WARN_EMPTY_BODY = YES;
				CLANG_WARN_ENUM_CONVERSION = YES;
				CLANG_WARN_INFINITE_RECURSION = YES;
				CLANG_WARN_INT_CONVERSION = YES;
				CLANG_WARN_NON_LITERAL_NULL_CONVERSION = YES;
				CLANG_WARN_OBJC_IMPLICIT_RETAIN_SELF = YES;
				CLANG_WARN_OBJC_LITERAL_CONVERSION = YES;
				CLANG_WARN_OBJC_ROOT_CLASS = YES_ERROR;
				CLANG_WARN_QUOTED_INCLUDE_IN_FRAMEWORK_HEADER = YES;
				CLANG_WARN_RANGE_LOOP_ANALYSIS = YES;
				CLANG_WARN_STRICT_PROTOTYPES = YES;
				CLANG_WARN_SUSPICIOUS_MOVE = YES;
				CLANG_WARN_UNGUARDED_AVAILABILITY = YES_AGGRESSIVE;
				CLANG_WARN_UNREACHABLE_CODE = YES;
				CLANG_WARN__DUPLICATE_METHOD_MATCH = YES;
				COPY_PHASE_STRIP = NO;
				CURRENT_PROJECT_VERSION = 1;
				DEBUG_INFORMATION_FORMAT = "dwarf-with-dsym";
				ENABLE_NS_ASSERTIONS = NO;
				ENABLE_STRICT_OBJC_MSGSEND = YES;
				GCC_C_LANGUAGE_STANDARD = gnu11;
				GCC_NO_COMMON_BLOCKS = YES;
				GCC_WARN_64_TO_32_BIT_CONVERSION = YES;
				GCC_WARN_ABOUT_RETURN_TYPE = YES_ERROR;
				GCC_WARN_UNDECLARED_SELECTOR = YES;
				GCC_WARN_UNINITIALIZED_AUTOS = YES_AGGRESSIVE;
				GCC_WARN_UNUSED_FUNCTION = YES;
				GCC_WARN_UNUSED_VARIABLE = YES;
				MACOSX_DEPLOYMENT_TARGET = 12.6;
				MTL_ENABLE_DEBUG_INFO = NO;
				MTL_FAST_MATH = YES;
				SDKROOT = macosx;
				SWIFT_COMPILATION_MODE = wholemodule;
				SWIFT_OPTIMIZATION_LEVEL = "-O";
				VERSIONING_SYSTEM = "apple-generic";
				VERSION_INFO_PREFIX = "";
			};
			name = Release;
		};
		303183F8293EFBC00077F0F4 /* Debug */ = {
			isa = XCBuildConfiguration;
			buildSettings = {
				CLANG_ENABLE_MODULES = YES;
				CODE_SIGN_STYLE = Automatic;
				COMBINE_HIDPI_IMAGES = YES;
				CURRENT_PROJECT_VERSION = 1;
				DEFINES_MODULE = YES;
				DEVELOPMENT_TEAM = 9SPL76B3GR;
				DYLIB_COMPATIBILITY_VERSION = 1;
				DYLIB_CURRENT_VERSION = 1;
				DYLIB_INSTALL_NAME_BASE = "@rpath";
				GENERATE_INFOPLIST_FILE = YES;
				INFOPLIST_KEY_NSHumanReadableCopyright = "";
				INSTALL_PATH = "$(LOCAL_LIBRARY_DIR)/Frameworks";
				LD_RUNPATH_SEARCH_PATHS = (
					"$(inherited)",
					"@executable_path/../Frameworks",
					"@loader_path/Frameworks",
				);
				MARKETING_VERSION = 1.0;
				PRODUCT_BUNDLE_IDENTIFIER = de.lewisbar.EssentialFeed;
				PRODUCT_NAME = "$(TARGET_NAME:c99extidentifier)";
				SKIP_INSTALL = YES;
				SUPPORTED_PLATFORMS = "macosx iphoneos iphonesimulator";
				SWIFT_EMIT_LOC_STRINGS = YES;
				SWIFT_OPTIMIZATION_LEVEL = "-Onone";
				SWIFT_VERSION = 5.0;
			};
			name = Debug;
		};
		303183F9293EFBC00077F0F4 /* Release */ = {
			isa = XCBuildConfiguration;
			buildSettings = {
				CLANG_ENABLE_MODULES = YES;
				CODE_SIGN_STYLE = Automatic;
				COMBINE_HIDPI_IMAGES = YES;
				CURRENT_PROJECT_VERSION = 1;
				DEFINES_MODULE = YES;
				DEVELOPMENT_TEAM = 9SPL76B3GR;
				DYLIB_COMPATIBILITY_VERSION = 1;
				DYLIB_CURRENT_VERSION = 1;
				DYLIB_INSTALL_NAME_BASE = "@rpath";
				GENERATE_INFOPLIST_FILE = YES;
				INFOPLIST_KEY_NSHumanReadableCopyright = "";
				INSTALL_PATH = "$(LOCAL_LIBRARY_DIR)/Frameworks";
				LD_RUNPATH_SEARCH_PATHS = (
					"$(inherited)",
					"@executable_path/../Frameworks",
					"@loader_path/Frameworks",
				);
				MARKETING_VERSION = 1.0;
				PRODUCT_BUNDLE_IDENTIFIER = de.lewisbar.EssentialFeed;
				PRODUCT_NAME = "$(TARGET_NAME:c99extidentifier)";
				SKIP_INSTALL = YES;
				SUPPORTED_PLATFORMS = "macosx iphoneos iphonesimulator";
				SWIFT_EMIT_LOC_STRINGS = YES;
				SWIFT_VERSION = 5.0;
			};
			name = Release;
		};
		303183FB293EFBC00077F0F4 /* Debug */ = {
			isa = XCBuildConfiguration;
			buildSettings = {
				ALWAYS_EMBED_SWIFT_STANDARD_LIBRARIES = YES;
				CODE_SIGN_STYLE = Automatic;
				CURRENT_PROJECT_VERSION = 1;
				DEVELOPMENT_TEAM = 9SPL76B3GR;
				GENERATE_INFOPLIST_FILE = YES;
				MARKETING_VERSION = 1.0;
				PRODUCT_BUNDLE_IDENTIFIER = de.lewisbar.EssentialFeedTests;
				PRODUCT_NAME = "$(TARGET_NAME)";
				SUPPORTED_PLATFORMS = "macosx iphoneos iphonesimulator";
				SWIFT_EMIT_LOC_STRINGS = NO;
				SWIFT_VERSION = 5.0;
			};
			name = Debug;
		};
		303183FC293EFBC00077F0F4 /* Release */ = {
			isa = XCBuildConfiguration;
			buildSettings = {
				ALWAYS_EMBED_SWIFT_STANDARD_LIBRARIES = YES;
				CODE_SIGN_STYLE = Automatic;
				CURRENT_PROJECT_VERSION = 1;
				DEVELOPMENT_TEAM = 9SPL76B3GR;
				GENERATE_INFOPLIST_FILE = YES;
				MARKETING_VERSION = 1.0;
				PRODUCT_BUNDLE_IDENTIFIER = de.lewisbar.EssentialFeedTests;
				PRODUCT_NAME = "$(TARGET_NAME)";
				SUPPORTED_PLATFORMS = "macosx iphoneos iphonesimulator";
				SWIFT_EMIT_LOC_STRINGS = NO;
				SWIFT_VERSION = 5.0;
			};
			name = Release;
		};
		3060BCA12954BA90005EC09F /* Debug */ = {
			isa = XCBuildConfiguration;
			buildSettings = {
				CODE_SIGN_STYLE = Automatic;
				CURRENT_PROJECT_VERSION = 1;
				DEVELOPMENT_TEAM = 9SPL76B3GR;
				GENERATE_INFOPLIST_FILE = YES;
				MARKETING_VERSION = 1.0;
				PRODUCT_BUNDLE_IDENTIFIER = de.lewisbar.EssentialFeedAPIEndToEndTests;
				PRODUCT_NAME = "$(TARGET_NAME)";
				SUPPORTED_PLATFORMS = "macosx iphoneos iphonesimulator";
				SWIFT_EMIT_LOC_STRINGS = NO;
				SWIFT_VERSION = 5.0;
			};
			name = Debug;
		};
		3060BCA22954BA90005EC09F /* Release */ = {
			isa = XCBuildConfiguration;
			buildSettings = {
				CODE_SIGN_STYLE = Automatic;
				CURRENT_PROJECT_VERSION = 1;
				DEVELOPMENT_TEAM = 9SPL76B3GR;
				GENERATE_INFOPLIST_FILE = YES;
				MARKETING_VERSION = 1.0;
				PRODUCT_BUNDLE_IDENTIFIER = de.lewisbar.EssentialFeedAPIEndToEndTests;
				PRODUCT_NAME = "$(TARGET_NAME)";
				SUPPORTED_PLATFORMS = "macosx iphoneos iphonesimulator";
				SWIFT_EMIT_LOC_STRINGS = NO;
				SWIFT_VERSION = 5.0;
			};
			name = Release;
		};
		309DE8A329951C2C008055A2 /* Debug */ = {
			isa = XCBuildConfiguration;
			buildSettings = {
				CODE_SIGN_STYLE = Automatic;
				CURRENT_PROJECT_VERSION = 1;
				DEVELOPMENT_TEAM = SR8TKD8JBH;
				GENERATE_INFOPLIST_FILE = YES;
				MARKETING_VERSION = 1.0;
				PRODUCT_BUNDLE_IDENTIFIER = de.lewisbar.EssentialFeedCacheIntegrationTests;
				PRODUCT_NAME = "$(TARGET_NAME)";
				SUPPORTED_PLATFORMS = "macosx iphonesimulator iphoneos";
				SWIFT_EMIT_LOC_STRINGS = NO;
				SWIFT_VERSION = 5.0;
			};
			name = Debug;
		};
		309DE8A429951C2C008055A2 /* Release */ = {
			isa = XCBuildConfiguration;
			buildSettings = {
				CODE_SIGN_STYLE = Automatic;
				CURRENT_PROJECT_VERSION = 1;
				DEVELOPMENT_TEAM = SR8TKD8JBH;
				GENERATE_INFOPLIST_FILE = YES;
				MARKETING_VERSION = 1.0;
				PRODUCT_BUNDLE_IDENTIFIER = de.lewisbar.EssentialFeedCacheIntegrationTests;
				PRODUCT_NAME = "$(TARGET_NAME)";
				SUPPORTED_PLATFORMS = "macosx iphonesimulator iphoneos";
				SWIFT_EMIT_LOC_STRINGS = NO;
				SWIFT_VERSION = 5.0;
			};
			name = Release;
		};
/* End XCBuildConfiguration section */

/* Begin XCConfigurationList section */
		302A250129A3D887008CBEFC /* Build configuration list for PBXNativeTarget "EssentialFeediOS" */ = {
			isa = XCConfigurationList;
			buildConfigurations = (
				302A250229A3D887008CBEFC /* Debug */,
				302A250329A3D887008CBEFC /* Release */,
			);
			defaultConfigurationIsVisible = 0;
			defaultConfigurationName = Release;
		};
		302A250429A3D887008CBEFC /* Build configuration list for PBXNativeTarget "EssentialFeediOSTests" */ = {
			isa = XCConfigurationList;
			buildConfigurations = (
				302A250529A3D887008CBEFC /* Debug */,
				302A250629A3D887008CBEFC /* Release */,
			);
			defaultConfigurationIsVisible = 0;
			defaultConfigurationName = Release;
		};
		303183DD293EFBC00077F0F4 /* Build configuration list for PBXProject "EssentialFeed" */ = {
			isa = XCConfigurationList;
			buildConfigurations = (
				303183F5293EFBC00077F0F4 /* Debug */,
				303183F6293EFBC00077F0F4 /* Release */,
			);
			defaultConfigurationIsVisible = 0;
			defaultConfigurationName = Release;
		};
		303183F7293EFBC00077F0F4 /* Build configuration list for PBXNativeTarget "EssentialFeed" */ = {
			isa = XCConfigurationList;
			buildConfigurations = (
				303183F8293EFBC00077F0F4 /* Debug */,
				303183F9293EFBC00077F0F4 /* Release */,
			);
			defaultConfigurationIsVisible = 0;
			defaultConfigurationName = Release;
		};
		303183FA293EFBC00077F0F4 /* Build configuration list for PBXNativeTarget "EssentialFeedTests" */ = {
			isa = XCConfigurationList;
			buildConfigurations = (
				303183FB293EFBC00077F0F4 /* Debug */,
				303183FC293EFBC00077F0F4 /* Release */,
			);
			defaultConfigurationIsVisible = 0;
			defaultConfigurationName = Release;
		};
		3060BCA32954BA90005EC09F /* Build configuration list for PBXNativeTarget "EssentialFeedAPIEndToEndTests" */ = {
			isa = XCConfigurationList;
			buildConfigurations = (
				3060BCA12954BA90005EC09F /* Debug */,
				3060BCA22954BA90005EC09F /* Release */,
			);
			defaultConfigurationIsVisible = 0;
			defaultConfigurationName = Release;
		};
		309DE8A529951C2C008055A2 /* Build configuration list for PBXNativeTarget "EssentialFeedCacheIntegrationTests" */ = {
			isa = XCConfigurationList;
			buildConfigurations = (
				309DE8A329951C2C008055A2 /* Debug */,
				309DE8A429951C2C008055A2 /* Release */,
			);
			defaultConfigurationIsVisible = 0;
			defaultConfigurationName = Release;
		};
/* End XCConfigurationList section */

/* Begin XCVersionGroup section */
		306FA6F6298BAE44007B220D /* FeedStore.xcdatamodeld */ = {
			isa = XCVersionGroup;
			children = (
				306FA6F7298BAE44007B220D /* FeedStore.xcdatamodel */,
			);
			currentVersion = 306FA6F7298BAE44007B220D /* FeedStore.xcdatamodel */;
			path = FeedStore.xcdatamodeld;
			sourceTree = "<group>";
			versionGroupType = wrapper.xcdatamodel;
		};
/* End XCVersionGroup section */
	};
	rootObject = 303183DA293EFBC00077F0F4 /* Project object */;
}
