// !$*UTF8*$!
{
	archiveVersion = 1;
	classes = {
	};
	objectVersion = 56;
	objects = {

/* Begin PBXBuildFile section */
		302B1D532ACDB92B00F01670 /* AppDelegate.swift in Sources */ = {isa = PBXBuildFile; fileRef = 302B1D522ACDB92B00F01670 /* AppDelegate.swift */; };
		302B1D552ACDB92B00F01670 /* SceneDelegate.swift in Sources */ = {isa = PBXBuildFile; fileRef = 302B1D542ACDB92B00F01670 /* SceneDelegate.swift */; };
		302B1D572ACDB92B00F01670 /* ViewController.swift in Sources */ = {isa = PBXBuildFile; fileRef = 302B1D562ACDB92B00F01670 /* ViewController.swift */; };
		302B1D5A2ACDB92B00F01670 /* Main.storyboard in Resources */ = {isa = PBXBuildFile; fileRef = 302B1D582ACDB92B00F01670 /* Main.storyboard */; };
		302B1D5C2ACDB92B00F01670 /* Assets.xcassets in Resources */ = {isa = PBXBuildFile; fileRef = 302B1D5B2ACDB92B00F01670 /* Assets.xcassets */; };
		302B1D5F2ACDB92B00F01670 /* LaunchScreen.storyboard in Resources */ = {isa = PBXBuildFile; fileRef = 302B1D5D2ACDB92B00F01670 /* LaunchScreen.storyboard */; };
		30721A272ADAEEB4003A5923 /* FeedImageDataLoaderWithFallbackComposite.swift in Sources */ = {isa = PBXBuildFile; fileRef = 30721A262ADAEEB4003A5923 /* FeedImageDataLoaderWithFallbackComposite.swift */; };
		30721A292ADAF424003A5923 /* SharedTestHelpers.swift in Sources */ = {isa = PBXBuildFile; fileRef = 30721A282ADAF424003A5923 /* SharedTestHelpers.swift */; };
		3099D8062ACDBC18003B4275 /* EssentialFeed.framework in Frameworks */ = {isa = PBXBuildFile; fileRef = 3099D8042ACDBC18003B4275 /* EssentialFeed.framework */; };
		3099D8072ACDBC18003B4275 /* EssentialFeed.framework in Embed Frameworks */ = {isa = PBXBuildFile; fileRef = 3099D8042ACDBC18003B4275 /* EssentialFeed.framework */; settings = {ATTRIBUTES = (CodeSignOnCopy, RemoveHeadersOnCopy, ); }; };
		3099D8082ACDBC18003B4275 /* EssentialFeediOS.framework in Frameworks */ = {isa = PBXBuildFile; fileRef = 3099D8052ACDBC18003B4275 /* EssentialFeediOS.framework */; };
		3099D8092ACDBC18003B4275 /* EssentialFeediOS.framework in Embed Frameworks */ = {isa = PBXBuildFile; fileRef = 3099D8052ACDBC18003B4275 /* EssentialFeediOS.framework */; settings = {ATTRIBUTES = (CodeSignOnCopy, RemoveHeadersOnCopy, ); }; };
		3099D80C2AD6FFDA003B4275 /* FeedLoaderWithFallbackCompositeTests.swift in Sources */ = {isa = PBXBuildFile; fileRef = 3099D80B2AD6FFDA003B4275 /* FeedLoaderWithFallbackCompositeTests.swift */; };
		30B2BE5A2AD74265005D592E /* FeedLoaderWithFallbackComposite.swift in Sources */ = {isa = PBXBuildFile; fileRef = 30B2BE592AD74265005D592E /* FeedLoaderWithFallbackComposite.swift */; };
		30B2BE5C2AD7D9C7005D592E /* FeedImageDataLoaderWithFallbackCompositeTests.swift in Sources */ = {isa = PBXBuildFile; fileRef = 30B2BE5B2AD7D9C7005D592E /* FeedImageDataLoaderWithFallbackCompositeTests.swift */; };
		30B2BE5F2AD89683005D592E /* XCTestCase+MemoryLeakTracking.swift in Sources */ = {isa = PBXBuildFile; fileRef = 30B2BE5E2AD89683005D592E /* XCTestCase+MemoryLeakTracking.swift */; };
		30E5BBFC2AF2EEAC002526B7 /* FeedLoaderCacheDecoratorTests.swift in Sources */ = {isa = PBXBuildFile; fileRef = 30E5BBFB2AF2EEAC002526B7 /* FeedLoaderCacheDecoratorTests.swift */; };
		30E5BBFE2AF3F969002526B7 /* FeedLoaderStub.swift in Sources */ = {isa = PBXBuildFile; fileRef = 30E5BBFD2AF3F969002526B7 /* FeedLoaderStub.swift */; };
		30E5BC002AF3FA58002526B7 /* XCTestCase+FeedLoader.swift in Sources */ = {isa = PBXBuildFile; fileRef = 30E5BBFF2AF3FA58002526B7 /* XCTestCase+FeedLoader.swift */; };
		30E5BC042AF44737002526B7 /* FeedLoaderCacheDecorator.swift in Sources */ = {isa = PBXBuildFile; fileRef = 30E5BC032AF44737002526B7 /* FeedLoaderCacheDecorator.swift */; };
		30E5BC062AF448B4002526B7 /* FeedImageDataLoaderCacheDecoratorTests.swift in Sources */ = {isa = PBXBuildFile; fileRef = 30E5BC052AF448B4002526B7 /* FeedImageDataLoaderCacheDecoratorTests.swift */; };
		30E5BC082AF44949002526B7 /* FeedImageDataLoaderSpy.swift in Sources */ = {isa = PBXBuildFile; fileRef = 30E5BC072AF44949002526B7 /* FeedImageDataLoaderSpy.swift */; };
		30E5BC0A2AF50E37002526B7 /* XCTestCase+FeedImageDataLoader.swift in Sources */ = {isa = PBXBuildFile; fileRef = 30E5BC092AF50E37002526B7 /* XCTestCase+FeedImageDataLoader.swift */; };
		30E5BC0E2AF51D26002526B7 /* FeedImageDataLoaderCacheDecorator.swift in Sources */ = {isa = PBXBuildFile; fileRef = 30E5BC0D2AF51D26002526B7 /* FeedImageDataLoaderCacheDecorator.swift */; };
		30E5BC162AF587FD002526B7 /* EssentialAppUIAcceptanceTests.swift in Sources */ = {isa = PBXBuildFile; fileRef = 30E5BC152AF587FD002526B7 /* EssentialAppUIAcceptanceTests.swift */; };
/* End PBXBuildFile section */

/* Begin PBXContainerItemProxy section */
		302B1D662ACDB92C00F01670 /* PBXContainerItemProxy */ = {
			isa = PBXContainerItemProxy;
			containerPortal = 302B1D472ACDB92A00F01670 /* Project object */;
			proxyType = 1;
			remoteGlobalIDString = 302B1D4E2ACDB92B00F01670;
			remoteInfo = EssentialApp;
		};
		30E5BC192AF587FD002526B7 /* PBXContainerItemProxy */ = {
			isa = PBXContainerItemProxy;
			containerPortal = 302B1D472ACDB92A00F01670 /* Project object */;
			proxyType = 1;
			remoteGlobalIDString = 302B1D4E2ACDB92B00F01670;
			remoteInfo = EssentialApp;
		};
/* End PBXContainerItemProxy section */

/* Begin PBXCopyFilesBuildPhase section */
		3099D80A2ACDBC18003B4275 /* Embed Frameworks */ = {
			isa = PBXCopyFilesBuildPhase;
			buildActionMask = 2147483647;
			dstPath = "";
			dstSubfolderSpec = 10;
			files = (
				3099D8072ACDBC18003B4275 /* EssentialFeed.framework in Embed Frameworks */,
				3099D8092ACDBC18003B4275 /* EssentialFeediOS.framework in Embed Frameworks */,
			);
			name = "Embed Frameworks";
			runOnlyForDeploymentPostprocessing = 0;
		};
/* End PBXCopyFilesBuildPhase section */

/* Begin PBXFileReference section */
		302B1D4F2ACDB92B00F01670 /* EssentialApp.app */ = {isa = PBXFileReference; explicitFileType = wrapper.application; includeInIndex = 0; path = EssentialApp.app; sourceTree = BUILT_PRODUCTS_DIR; };
		302B1D522ACDB92B00F01670 /* AppDelegate.swift */ = {isa = PBXFileReference; lastKnownFileType = sourcecode.swift; path = AppDelegate.swift; sourceTree = "<group>"; };
		302B1D542ACDB92B00F01670 /* SceneDelegate.swift */ = {isa = PBXFileReference; lastKnownFileType = sourcecode.swift; path = SceneDelegate.swift; sourceTree = "<group>"; };
		302B1D562ACDB92B00F01670 /* ViewController.swift */ = {isa = PBXFileReference; lastKnownFileType = sourcecode.swift; path = ViewController.swift; sourceTree = "<group>"; };
		302B1D592ACDB92B00F01670 /* Base */ = {isa = PBXFileReference; lastKnownFileType = file.storyboard; name = Base; path = Base.lproj/Main.storyboard; sourceTree = "<group>"; };
		302B1D5B2ACDB92B00F01670 /* Assets.xcassets */ = {isa = PBXFileReference; lastKnownFileType = folder.assetcatalog; path = Assets.xcassets; sourceTree = "<group>"; };
		302B1D5E2ACDB92B00F01670 /* Base */ = {isa = PBXFileReference; lastKnownFileType = file.storyboard; name = Base; path = Base.lproj/LaunchScreen.storyboard; sourceTree = "<group>"; };
		302B1D602ACDB92B00F01670 /* Info.plist */ = {isa = PBXFileReference; lastKnownFileType = text.plist.xml; path = Info.plist; sourceTree = "<group>"; };
		302B1D652ACDB92C00F01670 /* EssentialAppTests.xctest */ = {isa = PBXFileReference; explicitFileType = wrapper.cfbundle; includeInIndex = 0; path = EssentialAppTests.xctest; sourceTree = BUILT_PRODUCTS_DIR; };
		30721A262ADAEEB4003A5923 /* FeedImageDataLoaderWithFallbackComposite.swift */ = {isa = PBXFileReference; lastKnownFileType = sourcecode.swift; path = FeedImageDataLoaderWithFallbackComposite.swift; sourceTree = "<group>"; };
		30721A282ADAF424003A5923 /* SharedTestHelpers.swift */ = {isa = PBXFileReference; lastKnownFileType = sourcecode.swift; path = SharedTestHelpers.swift; sourceTree = "<group>"; };
		3099D8042ACDBC18003B4275 /* EssentialFeed.framework */ = {isa = PBXFileReference; explicitFileType = wrapper.framework; path = EssentialFeed.framework; sourceTree = BUILT_PRODUCTS_DIR; };
		3099D8052ACDBC18003B4275 /* EssentialFeediOS.framework */ = {isa = PBXFileReference; explicitFileType = wrapper.framework; path = EssentialFeediOS.framework; sourceTree = BUILT_PRODUCTS_DIR; };
		3099D80B2AD6FFDA003B4275 /* FeedLoaderWithFallbackCompositeTests.swift */ = {isa = PBXFileReference; lastKnownFileType = sourcecode.swift; path = FeedLoaderWithFallbackCompositeTests.swift; sourceTree = "<group>"; };
		30B2BE592AD74265005D592E /* FeedLoaderWithFallbackComposite.swift */ = {isa = PBXFileReference; lastKnownFileType = sourcecode.swift; path = FeedLoaderWithFallbackComposite.swift; sourceTree = "<group>"; };
		30B2BE5B2AD7D9C7005D592E /* FeedImageDataLoaderWithFallbackCompositeTests.swift */ = {isa = PBXFileReference; lastKnownFileType = sourcecode.swift; path = FeedImageDataLoaderWithFallbackCompositeTests.swift; sourceTree = "<group>"; };
		30B2BE5E2AD89683005D592E /* XCTestCase+MemoryLeakTracking.swift */ = {isa = PBXFileReference; lastKnownFileType = sourcecode.swift; path = "XCTestCase+MemoryLeakTracking.swift"; sourceTree = "<group>"; };
		30E5BBFB2AF2EEAC002526B7 /* FeedLoaderCacheDecoratorTests.swift */ = {isa = PBXFileReference; lastKnownFileType = sourcecode.swift; path = FeedLoaderCacheDecoratorTests.swift; sourceTree = "<group>"; };
		30E5BBFD2AF3F969002526B7 /* FeedLoaderStub.swift */ = {isa = PBXFileReference; lastKnownFileType = sourcecode.swift; path = FeedLoaderStub.swift; sourceTree = "<group>"; };
		30E5BBFF2AF3FA58002526B7 /* XCTestCase+FeedLoader.swift */ = {isa = PBXFileReference; lastKnownFileType = sourcecode.swift; path = "XCTestCase+FeedLoader.swift"; sourceTree = "<group>"; };
		30E5BC032AF44737002526B7 /* FeedLoaderCacheDecorator.swift */ = {isa = PBXFileReference; lastKnownFileType = sourcecode.swift; path = FeedLoaderCacheDecorator.swift; sourceTree = "<group>"; };
		30E5BC052AF448B4002526B7 /* FeedImageDataLoaderCacheDecoratorTests.swift */ = {isa = PBXFileReference; lastKnownFileType = sourcecode.swift; path = FeedImageDataLoaderCacheDecoratorTests.swift; sourceTree = "<group>"; };
		30E5BC072AF44949002526B7 /* FeedImageDataLoaderSpy.swift */ = {isa = PBXFileReference; lastKnownFileType = sourcecode.swift; path = FeedImageDataLoaderSpy.swift; sourceTree = "<group>"; };
		30E5BC092AF50E37002526B7 /* XCTestCase+FeedImageDataLoader.swift */ = {isa = PBXFileReference; lastKnownFileType = sourcecode.swift; path = "XCTestCase+FeedImageDataLoader.swift"; sourceTree = "<group>"; };
		30E5BC0D2AF51D26002526B7 /* FeedImageDataLoaderCacheDecorator.swift */ = {isa = PBXFileReference; lastKnownFileType = sourcecode.swift; path = FeedImageDataLoaderCacheDecorator.swift; sourceTree = "<group>"; };
		30E5BC132AF587FD002526B7 /* EssentialAppUIAcceptanceTests.xctest */ = {isa = PBXFileReference; explicitFileType = wrapper.cfbundle; includeInIndex = 0; path = EssentialAppUIAcceptanceTests.xctest; sourceTree = BUILT_PRODUCTS_DIR; };
		30E5BC152AF587FD002526B7 /* EssentialAppUIAcceptanceTests.swift */ = {isa = PBXFileReference; lastKnownFileType = sourcecode.swift; path = EssentialAppUIAcceptanceTests.swift; sourceTree = "<group>"; };
/* End PBXFileReference section */

/* Begin PBXFrameworksBuildPhase section */
		302B1D4C2ACDB92B00F01670 /* Frameworks */ = {
			isa = PBXFrameworksBuildPhase;
			buildActionMask = 2147483647;
			files = (
				3099D8062ACDBC18003B4275 /* EssentialFeed.framework in Frameworks */,
				3099D8082ACDBC18003B4275 /* EssentialFeediOS.framework in Frameworks */,
			);
			runOnlyForDeploymentPostprocessing = 0;
		};
		302B1D622ACDB92C00F01670 /* Frameworks */ = {
			isa = PBXFrameworksBuildPhase;
			buildActionMask = 2147483647;
			files = (
			);
			runOnlyForDeploymentPostprocessing = 0;
		};
		30E5BC102AF587FD002526B7 /* Frameworks */ = {
			isa = PBXFrameworksBuildPhase;
			buildActionMask = 2147483647;
			files = (
			);
			runOnlyForDeploymentPostprocessing = 0;
		};
/* End PBXFrameworksBuildPhase section */

/* Begin PBXGroup section */
		302B1D462ACDB92A00F01670 = {
			isa = PBXGroup;
			children = (
				302B1D512ACDB92B00F01670 /* EssentialApp */,
				302B1D682ACDB92C00F01670 /* EssentialAppTests */,
				30E5BC142AF587FD002526B7 /* EssentialAppUIAcceptanceTests */,
				302B1D502ACDB92B00F01670 /* Products */,
				3099D8032ACDBC18003B4275 /* Frameworks */,
			);
			sourceTree = "<group>";
		};
		302B1D502ACDB92B00F01670 /* Products */ = {
			isa = PBXGroup;
			children = (
				302B1D4F2ACDB92B00F01670 /* EssentialApp.app */,
				302B1D652ACDB92C00F01670 /* EssentialAppTests.xctest */,
				30E5BC132AF587FD002526B7 /* EssentialAppUIAcceptanceTests.xctest */,
			);
			name = Products;
			sourceTree = "<group>";
		};
		302B1D512ACDB92B00F01670 /* EssentialApp */ = {
			isa = PBXGroup;
			children = (
				302B1D522ACDB92B00F01670 /* AppDelegate.swift */,
				302B1D542ACDB92B00F01670 /* SceneDelegate.swift */,
				30B2BE592AD74265005D592E /* FeedLoaderWithFallbackComposite.swift */,
				30721A262ADAEEB4003A5923 /* FeedImageDataLoaderWithFallbackComposite.swift */,
				30E5BC032AF44737002526B7 /* FeedLoaderCacheDecorator.swift */,
				30E5BC0D2AF51D26002526B7 /* FeedImageDataLoaderCacheDecorator.swift */,
				302B1D562ACDB92B00F01670 /* ViewController.swift */,
				302B1D582ACDB92B00F01670 /* Main.storyboard */,
				302B1D5B2ACDB92B00F01670 /* Assets.xcassets */,
				302B1D5D2ACDB92B00F01670 /* LaunchScreen.storyboard */,
				302B1D602ACDB92B00F01670 /* Info.plist */,
			);
			path = EssentialApp;
			sourceTree = "<group>";
		};
		302B1D682ACDB92C00F01670 /* EssentialAppTests */ = {
			isa = PBXGroup;
			children = (
				30B2BE5D2AD8965C005D592E /* Helpers */,
				3099D80B2AD6FFDA003B4275 /* FeedLoaderWithFallbackCompositeTests.swift */,
				30B2BE5B2AD7D9C7005D592E /* FeedImageDataLoaderWithFallbackCompositeTests.swift */,
				30E5BBFB2AF2EEAC002526B7 /* FeedLoaderCacheDecoratorTests.swift */,
				30E5BC052AF448B4002526B7 /* FeedImageDataLoaderCacheDecoratorTests.swift */,
			);
			path = EssentialAppTests;
			sourceTree = "<group>";
		};
		3099D8032ACDBC18003B4275 /* Frameworks */ = {
			isa = PBXGroup;
			children = (
				3099D8042ACDBC18003B4275 /* EssentialFeed.framework */,
				3099D8052ACDBC18003B4275 /* EssentialFeediOS.framework */,
			);
			name = Frameworks;
			sourceTree = "<group>";
		};
		30B2BE5D2AD8965C005D592E /* Helpers */ = {
			isa = PBXGroup;
			children = (
				30B2BE5E2AD89683005D592E /* XCTestCase+MemoryLeakTracking.swift */,
				30721A282ADAF424003A5923 /* SharedTestHelpers.swift */,
				30E5BBFD2AF3F969002526B7 /* FeedLoaderStub.swift */,
				30E5BBFF2AF3FA58002526B7 /* XCTestCase+FeedLoader.swift */,
				30E5BC092AF50E37002526B7 /* XCTestCase+FeedImageDataLoader.swift */,
				30E5BC072AF44949002526B7 /* FeedImageDataLoaderSpy.swift */,
			);
			path = Helpers;
			sourceTree = "<group>";
		};
		30E5BC142AF587FD002526B7 /* EssentialAppUIAcceptanceTests */ = {
			isa = PBXGroup;
			children = (
				30E5BC152AF587FD002526B7 /* EssentialAppUIAcceptanceTests.swift */,
			);
			path = EssentialAppUIAcceptanceTests;
			sourceTree = "<group>";
		};
/* End PBXGroup section */

/* Begin PBXNativeTarget section */
		302B1D4E2ACDB92B00F01670 /* EssentialApp */ = {
			isa = PBXNativeTarget;
			buildConfigurationList = 302B1D792ACDB92C00F01670 /* Build configuration list for PBXNativeTarget "EssentialApp" */;
			buildPhases = (
				302B1D4B2ACDB92B00F01670 /* Sources */,
				302B1D4C2ACDB92B00F01670 /* Frameworks */,
				302B1D4D2ACDB92B00F01670 /* Resources */,
				3099D80A2ACDBC18003B4275 /* Embed Frameworks */,
			);
			buildRules = (
			);
			dependencies = (
			);
			name = EssentialApp;
			productName = EssentialApp;
			productReference = 302B1D4F2ACDB92B00F01670 /* EssentialApp.app */;
			productType = "com.apple.product-type.application";
		};
		302B1D642ACDB92C00F01670 /* EssentialAppTests */ = {
			isa = PBXNativeTarget;
			buildConfigurationList = 302B1D7C2ACDB92C00F01670 /* Build configuration list for PBXNativeTarget "EssentialAppTests" */;
			buildPhases = (
				302B1D612ACDB92C00F01670 /* Sources */,
				302B1D622ACDB92C00F01670 /* Frameworks */,
				302B1D632ACDB92C00F01670 /* Resources */,
			);
			buildRules = (
			);
			dependencies = (
				302B1D672ACDB92C00F01670 /* PBXTargetDependency */,
			);
			name = EssentialAppTests;
			productName = EssentialAppTests;
			productReference = 302B1D652ACDB92C00F01670 /* EssentialAppTests.xctest */;
			productType = "com.apple.product-type.bundle.unit-test";
		};
		30E5BC122AF587FD002526B7 /* EssentialAppUIAcceptanceTests */ = {
			isa = PBXNativeTarget;
			buildConfigurationList = 30E5BC1B2AF587FD002526B7 /* Build configuration list for PBXNativeTarget "EssentialAppUIAcceptanceTests" */;
			buildPhases = (
				30E5BC0F2AF587FD002526B7 /* Sources */,
				30E5BC102AF587FD002526B7 /* Frameworks */,
				30E5BC112AF587FD002526B7 /* Resources */,
			);
			buildRules = (
			);
			dependencies = (
				30E5BC1A2AF587FD002526B7 /* PBXTargetDependency */,
			);
			name = EssentialAppUIAcceptanceTests;
			productName = EssentialAppUIAcceptanceTests;
			productReference = 30E5BC132AF587FD002526B7 /* EssentialAppUIAcceptanceTests.xctest */;
			productType = "com.apple.product-type.bundle.ui-testing";
		};
/* End PBXNativeTarget section */

/* Begin PBXProject section */
		302B1D472ACDB92A00F01670 /* Project object */ = {
			isa = PBXProject;
			attributes = {
				BuildIndependentTargetsInParallel = 1;
				LastSwiftUpdateCheck = 1500;
				LastUpgradeCheck = 1500;
				TargetAttributes = {
					302B1D4E2ACDB92B00F01670 = {
						CreatedOnToolsVersion = 15.0;
					};
					302B1D642ACDB92C00F01670 = {
						CreatedOnToolsVersion = 15.0;
						TestTargetID = 302B1D4E2ACDB92B00F01670;
					};
					30E5BC122AF587FD002526B7 = {
						CreatedOnToolsVersion = 15.0;
						TestTargetID = 302B1D4E2ACDB92B00F01670;
					};
				};
			};
			buildConfigurationList = 302B1D4A2ACDB92A00F01670 /* Build configuration list for PBXProject "EssentialApp" */;
			compatibilityVersion = "Xcode 14.0";
			developmentRegion = en;
			hasScannedForEncodings = 0;
			knownRegions = (
				en,
				Base,
			);
			mainGroup = 302B1D462ACDB92A00F01670;
			productRefGroup = 302B1D502ACDB92B00F01670 /* Products */;
			projectDirPath = "";
			projectRoot = "";
			targets = (
				302B1D4E2ACDB92B00F01670 /* EssentialApp */,
				302B1D642ACDB92C00F01670 /* EssentialAppTests */,
				30E5BC122AF587FD002526B7 /* EssentialAppUIAcceptanceTests */,
			);
		};
/* End PBXProject section */

/* Begin PBXResourcesBuildPhase section */
		302B1D4D2ACDB92B00F01670 /* Resources */ = {
			isa = PBXResourcesBuildPhase;
			buildActionMask = 2147483647;
			files = (
				302B1D5F2ACDB92B00F01670 /* LaunchScreen.storyboard in Resources */,
				302B1D5C2ACDB92B00F01670 /* Assets.xcassets in Resources */,
				302B1D5A2ACDB92B00F01670 /* Main.storyboard in Resources */,
			);
			runOnlyForDeploymentPostprocessing = 0;
		};
		302B1D632ACDB92C00F01670 /* Resources */ = {
			isa = PBXResourcesBuildPhase;
			buildActionMask = 2147483647;
			files = (
			);
			runOnlyForDeploymentPostprocessing = 0;
		};
		30E5BC112AF587FD002526B7 /* Resources */ = {
			isa = PBXResourcesBuildPhase;
			buildActionMask = 2147483647;
			files = (
			);
			runOnlyForDeploymentPostprocessing = 0;
		};
/* End PBXResourcesBuildPhase section */

/* Begin PBXSourcesBuildPhase section */
		302B1D4B2ACDB92B00F01670 /* Sources */ = {
			isa = PBXSourcesBuildPhase;
			buildActionMask = 2147483647;
			files = (
				302B1D572ACDB92B00F01670 /* ViewController.swift in Sources */,
				302B1D532ACDB92B00F01670 /* AppDelegate.swift in Sources */,
				30B2BE5A2AD74265005D592E /* FeedLoaderWithFallbackComposite.swift in Sources */,
				30E5BC042AF44737002526B7 /* FeedLoaderCacheDecorator.swift in Sources */,
				302B1D552ACDB92B00F01670 /* SceneDelegate.swift in Sources */,
				30721A272ADAEEB4003A5923 /* FeedImageDataLoaderWithFallbackComposite.swift in Sources */,
				30E5BC0E2AF51D26002526B7 /* FeedImageDataLoaderCacheDecorator.swift in Sources */,
			);
			runOnlyForDeploymentPostprocessing = 0;
		};
		302B1D612ACDB92C00F01670 /* Sources */ = {
			isa = PBXSourcesBuildPhase;
			buildActionMask = 2147483647;
			files = (
				30721A292ADAF424003A5923 /* SharedTestHelpers.swift in Sources */,
				30E5BC062AF448B4002526B7 /* FeedImageDataLoaderCacheDecoratorTests.swift in Sources */,
				30E5BC002AF3FA58002526B7 /* XCTestCase+FeedLoader.swift in Sources */,
				30E5BC0A2AF50E37002526B7 /* XCTestCase+FeedImageDataLoader.swift in Sources */,
				30E5BBFC2AF2EEAC002526B7 /* FeedLoaderCacheDecoratorTests.swift in Sources */,
				30E5BC082AF44949002526B7 /* FeedImageDataLoaderSpy.swift in Sources */,
				30B2BE5F2AD89683005D592E /* XCTestCase+MemoryLeakTracking.swift in Sources */,
				30B2BE5C2AD7D9C7005D592E /* FeedImageDataLoaderWithFallbackCompositeTests.swift in Sources */,
				30E5BBFE2AF3F969002526B7 /* FeedLoaderStub.swift in Sources */,
				3099D80C2AD6FFDA003B4275 /* FeedLoaderWithFallbackCompositeTests.swift in Sources */,
			);
			runOnlyForDeploymentPostprocessing = 0;
		};
		30E5BC0F2AF587FD002526B7 /* Sources */ = {
			isa = PBXSourcesBuildPhase;
			buildActionMask = 2147483647;
			files = (
				30E5BC162AF587FD002526B7 /* EssentialAppUIAcceptanceTests.swift in Sources */,
			);
			runOnlyForDeploymentPostprocessing = 0;
		};
/* End PBXSourcesBuildPhase section */

/* Begin PBXTargetDependency section */
		302B1D672ACDB92C00F01670 /* PBXTargetDependency */ = {
			isa = PBXTargetDependency;
			target = 302B1D4E2ACDB92B00F01670 /* EssentialApp */;
			targetProxy = 302B1D662ACDB92C00F01670 /* PBXContainerItemProxy */;
		};
		30E5BC1A2AF587FD002526B7 /* PBXTargetDependency */ = {
			isa = PBXTargetDependency;
			target = 302B1D4E2ACDB92B00F01670 /* EssentialApp */;
			targetProxy = 30E5BC192AF587FD002526B7 /* PBXContainerItemProxy */;
		};
/* End PBXTargetDependency section */

/* Begin PBXVariantGroup section */
		302B1D582ACDB92B00F01670 /* Main.storyboard */ = {
			isa = PBXVariantGroup;
			children = (
				302B1D592ACDB92B00F01670 /* Base */,
			);
			name = Main.storyboard;
			sourceTree = "<group>";
		};
		302B1D5D2ACDB92B00F01670 /* LaunchScreen.storyboard */ = {
			isa = PBXVariantGroup;
			children = (
				302B1D5E2ACDB92B00F01670 /* Base */,
			);
			name = LaunchScreen.storyboard;
			sourceTree = "<group>";
		};
/* End PBXVariantGroup section */

/* Begin XCBuildConfiguration section */
		302B1D772ACDB92C00F01670 /* Debug */ = {
			isa = XCBuildConfiguration;
			buildSettings = {
				ALWAYS_SEARCH_USER_PATHS = NO;
				ASSETCATALOG_COMPILER_GENERATE_SWIFT_ASSET_SYMBOL_EXTENSIONS = YES;
				CLANG_ANALYZER_NONNULL = YES;
				CLANG_ANALYZER_NUMBER_OBJECT_CONVERSION = YES_AGGRESSIVE;
				CLANG_CXX_LANGUAGE_STANDARD = "gnu++20";
				CLANG_ENABLE_MODULES = YES;
				CLANG_ENABLE_OBJC_ARC = YES;
				CLANG_ENABLE_OBJC_WEAK = YES;
				CLANG_WARN_BLOCK_CAPTURE_AUTORELEASING = YES;
				CLANG_WARN_BOOL_CONVERSION = YES;
				CLANG_WARN_COMMA = YES;
				CLANG_WARN_CONSTANT_CONVERSION = YES;
				CLANG_WARN_DEPRECATED_OBJC_IMPLEMENTATIONS = YES;
				CLANG_WARN_DIRECT_OBJC_ISA_USAGE = YES_ERROR;
				CLANG_WARN_DOCUMENTATION_COMMENTS = YES;
				CLANG_WARN_EMPTY_BODY = YES;
				CLANG_WARN_ENUM_CONVERSION = YES;
				CLANG_WARN_INFINITE_RECURSION = YES;
				CLANG_WARN_INT_CONVERSION = YES;
				CLANG_WARN_NON_LITERAL_NULL_CONVERSION = YES;
				CLANG_WARN_OBJC_IMPLICIT_RETAIN_SELF = YES;
				CLANG_WARN_OBJC_LITERAL_CONVERSION = YES;
				CLANG_WARN_OBJC_ROOT_CLASS = YES_ERROR;
				CLANG_WARN_QUOTED_INCLUDE_IN_FRAMEWORK_HEADER = YES;
				CLANG_WARN_RANGE_LOOP_ANALYSIS = YES;
				CLANG_WARN_STRICT_PROTOTYPES = YES;
				CLANG_WARN_SUSPICIOUS_MOVE = YES;
				CLANG_WARN_UNGUARDED_AVAILABILITY = YES_AGGRESSIVE;
				CLANG_WARN_UNREACHABLE_CODE = YES;
				CLANG_WARN__DUPLICATE_METHOD_MATCH = YES;
				COPY_PHASE_STRIP = NO;
				DEBUG_INFORMATION_FORMAT = dwarf;
				ENABLE_STRICT_OBJC_MSGSEND = YES;
				ENABLE_TESTABILITY = YES;
				ENABLE_USER_SCRIPT_SANDBOXING = YES;
				GCC_C_LANGUAGE_STANDARD = gnu17;
				GCC_DYNAMIC_NO_PIC = NO;
				GCC_NO_COMMON_BLOCKS = YES;
				GCC_OPTIMIZATION_LEVEL = 0;
				GCC_PREPROCESSOR_DEFINITIONS = (
					"DEBUG=1",
					"$(inherited)",
				);
				GCC_WARN_64_TO_32_BIT_CONVERSION = YES;
				GCC_WARN_ABOUT_RETURN_TYPE = YES_ERROR;
				GCC_WARN_UNDECLARED_SELECTOR = YES;
				GCC_WARN_UNINITIALIZED_AUTOS = YES_AGGRESSIVE;
				GCC_WARN_UNUSED_FUNCTION = YES;
				GCC_WARN_UNUSED_VARIABLE = YES;
				IPHONEOS_DEPLOYMENT_TARGET = 17.0;
				LOCALIZATION_PREFERS_STRING_CATALOGS = YES;
				MTL_ENABLE_DEBUG_INFO = INCLUDE_SOURCE;
				MTL_FAST_MATH = YES;
				ONLY_ACTIVE_ARCH = YES;
				SDKROOT = iphoneos;
				SWIFT_ACTIVE_COMPILATION_CONDITIONS = "DEBUG $(inherited)";
				SWIFT_OPTIMIZATION_LEVEL = "-Onone";
			};
			name = Debug;
		};
		302B1D782ACDB92C00F01670 /* Release */ = {
			isa = XCBuildConfiguration;
			buildSettings = {
				ALWAYS_SEARCH_USER_PATHS = NO;
				ASSETCATALOG_COMPILER_GENERATE_SWIFT_ASSET_SYMBOL_EXTENSIONS = YES;
				CLANG_ANALYZER_NONNULL = YES;
				CLANG_ANALYZER_NUMBER_OBJECT_CONVERSION = YES_AGGRESSIVE;
				CLANG_CXX_LANGUAGE_STANDARD = "gnu++20";
				CLANG_ENABLE_MODULES = YES;
				CLANG_ENABLE_OBJC_ARC = YES;
				CLANG_ENABLE_OBJC_WEAK = YES;
				CLANG_WARN_BLOCK_CAPTURE_AUTORELEASING = YES;
				CLANG_WARN_BOOL_CONVERSION = YES;
				CLANG_WARN_COMMA = YES;
				CLANG_WARN_CONSTANT_CONVERSION = YES;
				CLANG_WARN_DEPRECATED_OBJC_IMPLEMENTATIONS = YES;
				CLANG_WARN_DIRECT_OBJC_ISA_USAGE = YES_ERROR;
				CLANG_WARN_DOCUMENTATION_COMMENTS = YES;
				CLANG_WARN_EMPTY_BODY = YES;
				CLANG_WARN_ENUM_CONVERSION = YES;
				CLANG_WARN_INFINITE_RECURSION = YES;
				CLANG_WARN_INT_CONVERSION = YES;
				CLANG_WARN_NON_LITERAL_NULL_CONVERSION = YES;
				CLANG_WARN_OBJC_IMPLICIT_RETAIN_SELF = YES;
				CLANG_WARN_OBJC_LITERAL_CONVERSION = YES;
				CLANG_WARN_OBJC_ROOT_CLASS = YES_ERROR;
				CLANG_WARN_QUOTED_INCLUDE_IN_FRAMEWORK_HEADER = YES;
				CLANG_WARN_RANGE_LOOP_ANALYSIS = YES;
				CLANG_WARN_STRICT_PROTOTYPES = YES;
				CLANG_WARN_SUSPICIOUS_MOVE = YES;
				CLANG_WARN_UNGUARDED_AVAILABILITY = YES_AGGRESSIVE;
				CLANG_WARN_UNREACHABLE_CODE = YES;
				CLANG_WARN__DUPLICATE_METHOD_MATCH = YES;
				COPY_PHASE_STRIP = NO;
				DEBUG_INFORMATION_FORMAT = "dwarf-with-dsym";
				ENABLE_NS_ASSERTIONS = NO;
				ENABLE_STRICT_OBJC_MSGSEND = YES;
				ENABLE_USER_SCRIPT_SANDBOXING = YES;
				GCC_C_LANGUAGE_STANDARD = gnu17;
				GCC_NO_COMMON_BLOCKS = YES;
				GCC_WARN_64_TO_32_BIT_CONVERSION = YES;
				GCC_WARN_ABOUT_RETURN_TYPE = YES_ERROR;
				GCC_WARN_UNDECLARED_SELECTOR = YES;
				GCC_WARN_UNINITIALIZED_AUTOS = YES_AGGRESSIVE;
				GCC_WARN_UNUSED_FUNCTION = YES;
				GCC_WARN_UNUSED_VARIABLE = YES;
				IPHONEOS_DEPLOYMENT_TARGET = 17.0;
				LOCALIZATION_PREFERS_STRING_CATALOGS = YES;
				MTL_ENABLE_DEBUG_INFO = NO;
				MTL_FAST_MATH = YES;
				SDKROOT = iphoneos;
				SWIFT_COMPILATION_MODE = wholemodule;
				VALIDATE_PRODUCT = YES;
			};
			name = Release;
		};
		302B1D7A2ACDB92C00F01670 /* Debug */ = {
			isa = XCBuildConfiguration;
			buildSettings = {
				ASSETCATALOG_COMPILER_APPICON_NAME = AppIcon;
				ASSETCATALOG_COMPILER_GLOBAL_ACCENT_COLOR_NAME = AccentColor;
				CODE_SIGN_STYLE = Automatic;
				CURRENT_PROJECT_VERSION = 1;
				DEVELOPMENT_TEAM = 9SPL76B3GR;
				GENERATE_INFOPLIST_FILE = YES;
				INFOPLIST_FILE = EssentialApp/Info.plist;
				INFOPLIST_KEY_UIApplicationSupportsIndirectInputEvents = YES;
				INFOPLIST_KEY_UILaunchStoryboardName = LaunchScreen;
				INFOPLIST_KEY_UIMainStoryboardFile = Main;
				INFOPLIST_KEY_UISupportedInterfaceOrientations = UIInterfaceOrientationPortrait;
				INFOPLIST_KEY_UISupportedInterfaceOrientations_iPad = "UIInterfaceOrientationLandscapeLeft UIInterfaceOrientationLandscapeRight UIInterfaceOrientationPortrait UIInterfaceOrientationPortraitUpsideDown";
				IPHONEOS_DEPLOYMENT_TARGET = 17.0;
				LD_RUNPATH_SEARCH_PATHS = (
					"$(inherited)",
					"@executable_path/Frameworks",
				);
				MARKETING_VERSION = 1.0;
				PRODUCT_BUNDLE_IDENTIFIER = de.lewisbar.EssentialApp;
				PRODUCT_NAME = "$(TARGET_NAME)";
				SWIFT_EMIT_LOC_STRINGS = YES;
				SWIFT_VERSION = 5.0;
				TARGETED_DEVICE_FAMILY = "1,2";
			};
			name = Debug;
		};
		302B1D7B2ACDB92C00F01670 /* Release */ = {
			isa = XCBuildConfiguration;
			buildSettings = {
				ASSETCATALOG_COMPILER_APPICON_NAME = AppIcon;
				ASSETCATALOG_COMPILER_GLOBAL_ACCENT_COLOR_NAME = AccentColor;
				CODE_SIGN_STYLE = Automatic;
				CURRENT_PROJECT_VERSION = 1;
				DEVELOPMENT_TEAM = 9SPL76B3GR;
				GENERATE_INFOPLIST_FILE = YES;
				INFOPLIST_FILE = EssentialApp/Info.plist;
				INFOPLIST_KEY_UIApplicationSupportsIndirectInputEvents = YES;
				INFOPLIST_KEY_UILaunchStoryboardName = LaunchScreen;
				INFOPLIST_KEY_UIMainStoryboardFile = Main;
				INFOPLIST_KEY_UISupportedInterfaceOrientations = UIInterfaceOrientationPortrait;
				INFOPLIST_KEY_UISupportedInterfaceOrientations_iPad = "UIInterfaceOrientationLandscapeLeft UIInterfaceOrientationLandscapeRight UIInterfaceOrientationPortrait UIInterfaceOrientationPortraitUpsideDown";
				IPHONEOS_DEPLOYMENT_TARGET = 17.0;
				LD_RUNPATH_SEARCH_PATHS = (
					"$(inherited)",
					"@executable_path/Frameworks",
				);
				MARKETING_VERSION = 1.0;
				PRODUCT_BUNDLE_IDENTIFIER = de.lewisbar.EssentialApp;
				PRODUCT_NAME = "$(TARGET_NAME)";
				SWIFT_EMIT_LOC_STRINGS = YES;
				SWIFT_VERSION = 5.0;
				TARGETED_DEVICE_FAMILY = "1,2";
			};
			name = Release;
		};
		302B1D7D2ACDB92C00F01670 /* Debug */ = {
			isa = XCBuildConfiguration;
			buildSettings = {
				ALWAYS_EMBED_SWIFT_STANDARD_LIBRARIES = YES;
				BUNDLE_LOADER = "$(TEST_HOST)";
				CODE_SIGN_STYLE = Automatic;
				CURRENT_PROJECT_VERSION = 1;
				DEVELOPMENT_TEAM = 9SPL76B3GR;
				GENERATE_INFOPLIST_FILE = YES;
				IPHONEOS_DEPLOYMENT_TARGET = 17.0;
				MARKETING_VERSION = 1.0;
				PRODUCT_BUNDLE_IDENTIFIER = de.lewisbar.EssentialAppTests;
				PRODUCT_NAME = "$(TARGET_NAME)";
				SWIFT_EMIT_LOC_STRINGS = NO;
				SWIFT_VERSION = 5.0;
				TARGETED_DEVICE_FAMILY = "1,2";
				TEST_HOST = "$(BUILT_PRODUCTS_DIR)/EssentialApp.app/$(BUNDLE_EXECUTABLE_FOLDER_PATH)/EssentialApp";
			};
			name = Debug;
		};
		302B1D7E2ACDB92C00F01670 /* Release */ = {
			isa = XCBuildConfiguration;
			buildSettings = {
				ALWAYS_EMBED_SWIFT_STANDARD_LIBRARIES = YES;
				BUNDLE_LOADER = "$(TEST_HOST)";
				CODE_SIGN_STYLE = Automatic;
				CURRENT_PROJECT_VERSION = 1;
				DEVELOPMENT_TEAM = 9SPL76B3GR;
				GENERATE_INFOPLIST_FILE = YES;
				IPHONEOS_DEPLOYMENT_TARGET = 17.0;
				MARKETING_VERSION = 1.0;
				PRODUCT_BUNDLE_IDENTIFIER = de.lewisbar.EssentialAppTests;
				PRODUCT_NAME = "$(TARGET_NAME)";
				SWIFT_EMIT_LOC_STRINGS = NO;
				SWIFT_VERSION = 5.0;
				TARGETED_DEVICE_FAMILY = "1,2";
				TEST_HOST = "$(BUILT_PRODUCTS_DIR)/EssentialApp.app/$(BUNDLE_EXECUTABLE_FOLDER_PATH)/EssentialApp";
			};
			name = Release;
		};
		30E5BC1C2AF587FD002526B7 /* Debug */ = {
			isa = XCBuildConfiguration;
			buildSettings = {
				CODE_SIGN_STYLE = Automatic;
				CURRENT_PROJECT_VERSION = 1;
				DEVELOPMENT_TEAM = 9SPL76B3GR;
				GENERATE_INFOPLIST_FILE = YES;
				MARKETING_VERSION = 1.0;
				PRODUCT_BUNDLE_IDENTIFIER = de.lewisbar.EssentialAppUIAcceptanceTests;
				PRODUCT_NAME = "$(TARGET_NAME)";
				SWIFT_EMIT_LOC_STRINGS = NO;
				SWIFT_VERSION = 5.0;
				TARGETED_DEVICE_FAMILY = "1,2";
				TEST_TARGET_NAME = EssentialApp;
			};
			name = Debug;
		};
		30E5BC1D2AF587FD002526B7 /* Release */ = {
			isa = XCBuildConfiguration;
			buildSettings = {
				CODE_SIGN_STYLE = Automatic;
				CURRENT_PROJECT_VERSION = 1;
				DEVELOPMENT_TEAM = 9SPL76B3GR;
				GENERATE_INFOPLIST_FILE = YES;
				MARKETING_VERSION = 1.0;
				PRODUCT_BUNDLE_IDENTIFIER = de.lewisbar.EssentialAppUIAcceptanceTests;
				PRODUCT_NAME = "$(TARGET_NAME)";
				SWIFT_EMIT_LOC_STRINGS = NO;
				SWIFT_VERSION = 5.0;
				TARGETED_DEVICE_FAMILY = "1,2";
				TEST_TARGET_NAME = EssentialApp;
			};
			name = Release;
		};
/* End XCBuildConfiguration section */

/* Begin XCConfigurationList section */
		302B1D4A2ACDB92A00F01670 /* Build configuration list for PBXProject "EssentialApp" */ = {
			isa = XCConfigurationList;
			buildConfigurations = (
				302B1D772ACDB92C00F01670 /* Debug */,
				302B1D782ACDB92C00F01670 /* Release */,
			);
			defaultConfigurationIsVisible = 0;
			defaultConfigurationName = Release;
		};
		302B1D792ACDB92C00F01670 /* Build configuration list for PBXNativeTarget "EssentialApp" */ = {
			isa = XCConfigurationList;
			buildConfigurations = (
				302B1D7A2ACDB92C00F01670 /* Debug */,
				302B1D7B2ACDB92C00F01670 /* Release */,
			);
			defaultConfigurationIsVisible = 0;
			defaultConfigurationName = Release;
		};
		302B1D7C2ACDB92C00F01670 /* Build configuration list for PBXNativeTarget "EssentialAppTests" */ = {
			isa = XCConfigurationList;
			buildConfigurations = (
				302B1D7D2ACDB92C00F01670 /* Debug */,
				302B1D7E2ACDB92C00F01670 /* Release */,
			);
			defaultConfigurationIsVisible = 0;
			defaultConfigurationName = Release;
		};
		30E5BC1B2AF587FD002526B7 /* Build configuration list for PBXNativeTarget "EssentialAppUIAcceptanceTests" */ = {
			isa = XCConfigurationList;
			buildConfigurations = (
				30E5BC1C2AF587FD002526B7 /* Debug */,
				30E5BC1D2AF587FD002526B7 /* Release */,
			);
			defaultConfigurationIsVisible = 0;
			defaultConfigurationName = Release;
		};
/* End XCConfigurationList section */
	};
	rootObject = 302B1D472ACDB92A00F01670 /* Project object */;
}
